// !$*UTF8*$!
{
	archiveVersion = 1;
	classes = {
	};
	objectVersion = 46;
	objects = {

/* Begin PBXBuildFile section */
		C9E9E2611DE6F3CE0047C85F /* AppDelegate.swift in Sources */ = {isa = PBXBuildFile; fileRef = C9E9E2601DE6F3CE0047C85F /* AppDelegate.swift */; };
		C9E9E2631DE6F3CE0047C85F /* ViewController.swift in Sources */ = {isa = PBXBuildFile; fileRef = C9E9E2621DE6F3CE0047C85F /* ViewController.swift */; };
		C9E9E2661DE6F3CE0047C85F /* Main.storyboard in Resources */ = {isa = PBXBuildFile; fileRef = C9E9E2641DE6F3CE0047C85F /* Main.storyboard */; };
		C9E9E26B1DE6F3CE0047C85F /* Assets.xcassets in Resources */ = {isa = PBXBuildFile; fileRef = C9E9E26A1DE6F3CE0047C85F /* Assets.xcassets */; };
		C9E9E26E1DE6F3CE0047C85F /* LaunchScreen.storyboard in Resources */ = {isa = PBXBuildFile; fileRef = C9E9E26C1DE6F3CE0047C85F /* LaunchScreen.storyboard */; };
		C9F4ADC81DE7173000C12877 /* CoreLocation.framework in Frameworks */ = {isa = PBXBuildFile; fileRef = C9F4ADC71DE7173000C12877 /* CoreLocation.framework */; };
/* End PBXBuildFile section */

/* Begin PBXContainerItemProxy section */
		C9E9E2751DE6F3CE0047C85F /* PBXContainerItemProxy */ = {
			isa = PBXContainerItemProxy;
			containerPortal = C9E9E2551DE6F3CE0047C85F /* Project object */;
			proxyType = 1;
			remoteGlobalIDString = C9E9E25C1DE6F3CE0047C85F;
			remoteInfo = MyLocation;
		};
		C9E9E2801DE6F3CE0047C85F /* PBXContainerItemProxy */ = {
			isa = PBXContainerItemProxy;
			containerPortal = C9E9E2551DE6F3CE0047C85F /* Project object */;
			proxyType = 1;
			remoteGlobalIDString = C9E9E25C1DE6F3CE0047C85F;
			remoteInfo = MyLocation;
		};
/* End PBXContainerItemProxy section */

/* Begin PBXFileReference section */
		C9E9E25D1DE6F3CE0047C85F /* MyLocation.app */ = {isa = PBXFileReference; explicitFileType = wrapper.application; includeInIndex = 0; path = MyLocation.app; sourceTree = BUILT_PRODUCTS_DIR; };
		C9E9E2601DE6F3CE0047C85F /* AppDelegate.swift */ = {isa = PBXFileReference; lastKnownFileType = sourcecode.swift; path = AppDelegate.swift; sourceTree = "<group>"; };
		C9E9E2621DE6F3CE0047C85F /* ViewController.swift */ = {isa = PBXFileReference; lastKnownFileType = sourcecode.swift; path = ViewController.swift; sourceTree = "<group>"; };
		C9E9E2651DE6F3CE0047C85F /* Base */ = {isa = PBXFileReference; lastKnownFileType = file.storyboard; name = Base; path = Base.lproj/Main.storyboard; sourceTree = "<group>"; };
		C9E9E26A1DE6F3CE0047C85F /* Assets.xcassets */ = {isa = PBXFileReference; lastKnownFileType = folder.assetcatalog; path = Assets.xcassets; sourceTree = "<group>"; };
		C9E9E26D1DE6F3CE0047C85F /* Base */ = {isa = PBXFileReference; lastKnownFileType = file.storyboard; name = Base; path = Base.lproj/LaunchScreen.storyboard; sourceTree = "<group>"; };
		C9E9E26F1DE6F3CE0047C85F /* Info.plist */ = {isa = PBXFileReference; lastKnownFileType = text.plist.xml; path = Info.plist; sourceTree = "<group>"; };
		C9E9E2741DE6F3CE0047C85F /* MyLocationTests.xctest */ = {isa = PBXFileReference; explicitFileType = wrapper.cfbundle; includeInIndex = 0; path = MyLocationTests.xctest; sourceTree = BUILT_PRODUCTS_DIR; };
		C9E9E27F1DE6F3CE0047C85F /* MyLocationUITests.xctest */ = {isa = PBXFileReference; explicitFileType = wrapper.cfbundle; includeInIndex = 0; path = MyLocationUITests.xctest; sourceTree = BUILT_PRODUCTS_DIR; };
		C9F4ADC71DE7173000C12877 /* CoreLocation.framework */ = {isa = PBXFileReference; lastKnownFileType = wrapper.framework; name = CoreLocation.framework; path = System/Library/Frameworks/CoreLocation.framework; sourceTree = SDKROOT; };
/* End PBXFileReference section */

/* Begin PBXFrameworksBuildPhase section */
		C9E9E25A1DE6F3CE0047C85F /* Frameworks */ = {
			isa = PBXFrameworksBuildPhase;
			buildActionMask = 2147483647;
			files = (
				C9F4ADC81DE7173000C12877 /* CoreLocation.framework in Frameworks */,
			);
			runOnlyForDeploymentPostprocessing = 0;
		};
		C9E9E2711DE6F3CE0047C85F /* Frameworks */ = {
			isa = PBXFrameworksBuildPhase;
			buildActionMask = 2147483647;
			files = (
			);
			runOnlyForDeploymentPostprocessing = 0;
		};
		C9E9E27C1DE6F3CE0047C85F /* Frameworks */ = {
			isa = PBXFrameworksBuildPhase;
			buildActionMask = 2147483647;
			files = (
			);
			runOnlyForDeploymentPostprocessing = 0;
		};
/* End PBXFrameworksBuildPhase section */

/* Begin PBXGroup section */
		C9E9E2541DE6F3CE0047C85F = {
			isa = PBXGroup;
			children = (
				C9E9E25F1DE6F3CE0047C85F /* MyLocation */,
				C9E9E25E1DE6F3CE0047C85F /* Products */,
				C9F4ADC61DE7173000C12877 /* Frameworks */,
			);
			sourceTree = "<group>";
		};
		C9E9E25E1DE6F3CE0047C85F /* Products */ = {
			isa = PBXGroup;
			children = (
				C9E9E25D1DE6F3CE0047C85F /* MyLocation.app */,
				C9E9E2741DE6F3CE0047C85F /* MyLocationTests.xctest */,
				C9E9E27F1DE6F3CE0047C85F /* MyLocationUITests.xctest */,
			);
			name = Products;
			sourceTree = "<group>";
		};
		C9E9E25F1DE6F3CE0047C85F /* MyLocation */ = {
			isa = PBXGroup;
			children = (
				C9E9E2601DE6F3CE0047C85F /* AppDelegate.swift */,
				C9E9E2621DE6F3CE0047C85F /* ViewController.swift */,
				C9E9E2641DE6F3CE0047C85F /* Main.storyboard */,
				C9E9E26A1DE6F3CE0047C85F /* Assets.xcassets */,
				C9E9E26C1DE6F3CE0047C85F /* LaunchScreen.storyboard */,
				C9E9E26F1DE6F3CE0047C85F /* Info.plist */,
			);
			path = MyLocation;
			sourceTree = "<group>";
		};
		C9F4ADC61DE7173000C12877 /* Frameworks */ = {
			isa = PBXGroup;
			children = (
				C9F4ADC71DE7173000C12877 /* CoreLocation.framework */,
			);
			name = Frameworks;
			sourceTree = "<group>";
		};
/* End PBXGroup section */

/* Begin PBXNativeTarget section */
		C9E9E25C1DE6F3CE0047C85F /* MyLocation */ = {
			isa = PBXNativeTarget;
			buildConfigurationList = C9E9E2881DE6F3CE0047C85F /* Build configuration list for PBXNativeTarget "MyLocation" */;
			buildPhases = (
				C9E9E2591DE6F3CE0047C85F /* Sources */,
				C9E9E25A1DE6F3CE0047C85F /* Frameworks */,
				C9E9E25B1DE6F3CE0047C85F /* Resources */,
			);
			buildRules = (
			);
			dependencies = (
			);
			name = MyLocation;
			productName = MyLocation;
			productReference = C9E9E25D1DE6F3CE0047C85F /* MyLocation.app */;
			productType = "com.apple.product-type.application";
		};
		C9E9E2731DE6F3CE0047C85F /* MyLocationTests */ = {
			isa = PBXNativeTarget;
			buildConfigurationList = C9E9E28B1DE6F3CE0047C85F /* Build configuration list for PBXNativeTarget "MyLocationTests" */;
			buildPhases = (
				C9E9E2701DE6F3CE0047C85F /* Sources */,
				C9E9E2711DE6F3CE0047C85F /* Frameworks */,
				C9E9E2721DE6F3CE0047C85F /* Resources */,
			);
			buildRules = (
			);
			dependencies = (
				C9E9E2761DE6F3CE0047C85F /* PBXTargetDependency */,
			);
			name = MyLocationTests;
			productName = MyLocationTests;
			productReference = C9E9E2741DE6F3CE0047C85F /* MyLocationTests.xctest */;
			productType = "com.apple.product-type.bundle.unit-test";
		};
		C9E9E27E1DE6F3CE0047C85F /* MyLocationUITests */ = {
			isa = PBXNativeTarget;
			buildConfigurationList = C9E9E28E1DE6F3CE0047C85F /* Build configuration list for PBXNativeTarget "MyLocationUITests" */;
			buildPhases = (
				C9E9E27B1DE6F3CE0047C85F /* Sources */,
				C9E9E27C1DE6F3CE0047C85F /* Frameworks */,
				C9E9E27D1DE6F3CE0047C85F /* Resources */,
			);
			buildRules = (
			);
			dependencies = (
				C9E9E2811DE6F3CE0047C85F /* PBXTargetDependency */,
			);
			name = MyLocationUITests;
			productName = MyLocationUITests;
			productReference = C9E9E27F1DE6F3CE0047C85F /* MyLocationUITests.xctest */;
			productType = "com.apple.product-type.bundle.ui-testing";
		};
/* End PBXNativeTarget section */

/* Begin PBXProject section */
		C9E9E2551DE6F3CE0047C85F /* Project object */ = {
			isa = PBXProject;
			attributes = {
				LastSwiftUpdateCheck = 0810;
				LastUpgradeCheck = 0810;
				ORGANIZATIONNAME = TimberTang;
				TargetAttributes = {
					C9E9E25C1DE6F3CE0047C85F = {
						CreatedOnToolsVersion = 8.1;
						ProvisioningStyle = Manual;
					};
					C9E9E2731DE6F3CE0047C85F = {
						CreatedOnToolsVersion = 8.1;
						ProvisioningStyle = Automatic;
						TestTargetID = C9E9E25C1DE6F3CE0047C85F;
					};
					C9E9E27E1DE6F3CE0047C85F = {
						CreatedOnToolsVersion = 8.1;
						ProvisioningStyle = Manual;
						TestTargetID = C9E9E25C1DE6F3CE0047C85F;
					};
				};
			};
			buildConfigurationList = C9E9E2581DE6F3CE0047C85F /* Build configuration list for PBXProject "MyLocation" */;
			compatibilityVersion = "Xcode 3.2";
			developmentRegion = English;
			hasScannedForEncodings = 0;
			knownRegions = (
				en,
				Base,
			);
			mainGroup = C9E9E2541DE6F3CE0047C85F;
			productRefGroup = C9E9E25E1DE6F3CE0047C85F /* Products */;
			projectDirPath = "";
			projectRoot = "";
			targets = (
				C9E9E25C1DE6F3CE0047C85F /* MyLocation */,
				C9E9E2731DE6F3CE0047C85F /* MyLocationTests */,
				C9E9E27E1DE6F3CE0047C85F /* MyLocationUITests */,
			);
		};
/* End PBXProject section */

/* Begin PBXResourcesBuildPhase section */
		C9E9E25B1DE6F3CE0047C85F /* Resources */ = {
			isa = PBXResourcesBuildPhase;
			buildActionMask = 2147483647;
			files = (
				C9E9E26E1DE6F3CE0047C85F /* LaunchScreen.storyboard in Resources */,
				C9E9E26B1DE6F3CE0047C85F /* Assets.xcassets in Resources */,
				C9E9E2661DE6F3CE0047C85F /* Main.storyboard in Resources */,
			);
			runOnlyForDeploymentPostprocessing = 0;
		};
		C9E9E2721DE6F3CE0047C85F /* Resources */ = {
			isa = PBXResourcesBuildPhase;
			buildActionMask = 2147483647;
			files = (
			);
			runOnlyForDeploymentPostprocessing = 0;
		};
		C9E9E27D1DE6F3CE0047C85F /* Resources */ = {
			isa = PBXResourcesBuildPhase;
			buildActionMask = 2147483647;
			files = (
			);
			runOnlyForDeploymentPostprocessing = 0;
		};
/* End PBXResourcesBuildPhase section */

/* Begin PBXSourcesBuildPhase section */
		C9E9E2591DE6F3CE0047C85F /* Sources */ = {
			isa = PBXSourcesBuildPhase;
			buildActionMask = 2147483647;
			files = (
				C9E9E2631DE6F3CE0047C85F /* ViewController.swift in Sources */,
				C9E9E2611DE6F3CE0047C85F /* AppDelegate.swift in Sources */,
			);
			runOnlyForDeploymentPostprocessing = 0;
		};
		C9E9E2701DE6F3CE0047C85F /* Sources */ = {
			isa = PBXSourcesBuildPhase;
			buildActionMask = 2147483647;
			files = (
			);
			runOnlyForDeploymentPostprocessing = 0;
		};
		C9E9E27B1DE6F3CE0047C85F /* Sources */ = {
			isa = PBXSourcesBuildPhase;
			buildActionMask = 2147483647;
			files = (
			);
			runOnlyForDeploymentPostprocessing = 0;
		};
/* End PBXSourcesBuildPhase section */

/* Begin PBXTargetDependency section */
		C9E9E2761DE6F3CE0047C85F /* PBXTargetDependency */ = {
			isa = PBXTargetDependency;
			target = C9E9E25C1DE6F3CE0047C85F /* MyLocation */;
			targetProxy = C9E9E2751DE6F3CE0047C85F /* PBXContainerItemProxy */;
		};
		C9E9E2811DE6F3CE0047C85F /* PBXTargetDependency */ = {
			isa = PBXTargetDependency;
			target = C9E9E25C1DE6F3CE0047C85F /* MyLocation */;
			targetProxy = C9E9E2801DE6F3CE0047C85F /* PBXContainerItemProxy */;
		};
/* End PBXTargetDependency section */

/* Begin PBXVariantGroup section */
		C9E9E2641DE6F3CE0047C85F /* Main.storyboard */ = {
			isa = PBXVariantGroup;
			children = (
				C9E9E2651DE6F3CE0047C85F /* Base */,
			);
			name = Main.storyboard;
			sourceTree = "<group>";
		};
		C9E9E26C1DE6F3CE0047C85F /* LaunchScreen.storyboard */ = {
			isa = PBXVariantGroup;
			children = (
				C9E9E26D1DE6F3CE0047C85F /* Base */,
			);
			name = LaunchScreen.storyboard;
			sourceTree = "<group>";
		};
/* End PBXVariantGroup section */

/* Begin XCBuildConfiguration section */
		C9E9E2861DE6F3CE0047C85F /* Debug */ = {
			isa = XCBuildConfiguration;
			buildSettings = {
				ALWAYS_SEARCH_USER_PATHS = NO;
				CLANG_ANALYZER_NONNULL = YES;
				CLANG_CXX_LANGUAGE_STANDARD = "gnu++0x";
				CLANG_CXX_LIBRARY = "libc++";
				CLANG_ENABLE_MODULES = YES;
				CLANG_ENABLE_OBJC_ARC = YES;
				CLANG_WARN_BOOL_CONVERSION = YES;
				CLANG_WARN_CONSTANT_CONVERSION = YES;
				CLANG_WARN_DIRECT_OBJC_ISA_USAGE = YES_ERROR;
				CLANG_WARN_DOCUMENTATION_COMMENTS = YES;
				CLANG_WARN_EMPTY_BODY = YES;
				CLANG_WARN_ENUM_CONVERSION = YES;
				CLANG_WARN_INFINITE_RECURSION = YES;
				CLANG_WARN_INT_CONVERSION = YES;
				CLANG_WARN_OBJC_ROOT_CLASS = YES_ERROR;
				CLANG_WARN_SUSPICIOUS_MOVES = YES;
				CLANG_WARN_UNREACHABLE_CODE = YES;
				CLANG_WARN__DUPLICATE_METHOD_MATCH = YES;
				"CODE_SIGN_IDENTITY[sdk=iphoneos*]" = "iPhone Developer";
				COPY_PHASE_STRIP = NO;
				DEBUG_INFORMATION_FORMAT = dwarf;
				ENABLE_STRICT_OBJC_MSGSEND = YES;
				ENABLE_TESTABILITY = YES;
				GCC_C_LANGUAGE_STANDARD = gnu99;
				GCC_DYNAMIC_NO_PIC = NO;
				GCC_NO_COMMON_BLOCKS = YES;
				GCC_OPTIMIZATION_LEVEL = 0;
				GCC_PREPROCESSOR_DEFINITIONS = (
					"DEBUG=1",
					"$(inherited)",
				);
				GCC_WARN_64_TO_32_BIT_CONVERSION = YES;
				GCC_WARN_ABOUT_RETURN_TYPE = YES_ERROR;
				GCC_WARN_UNDECLARED_SELECTOR = YES;
				GCC_WARN_UNINITIALIZED_AUTOS = YES_AGGRESSIVE;
				GCC_WARN_UNUSED_FUNCTION = YES;
				GCC_WARN_UNUSED_VARIABLE = YES;
				IPHONEOS_DEPLOYMENT_TARGET = 10.0;
				MTL_ENABLE_DEBUG_INFO = YES;
				ONLY_ACTIVE_ARCH = YES;
				SDKROOT = iphoneos;
				SWIFT_ACTIVE_COMPILATION_CONDITIONS = DEBUG;
				SWIFT_OPTIMIZATION_LEVEL = "-Onone";
				TARGETED_DEVICE_FAMILY = "1,2";
			};
			name = Debug;
		};
		C9E9E2871DE6F3CE0047C85F /* Release */ = {
			isa = XCBuildConfiguration;
			buildSettings = {
				ALWAYS_SEARCH_USER_PATHS = NO;
				CLANG_ANALYZER_NONNULL = YES;
				CLANG_CXX_LANGUAGE_STANDARD = "gnu++0x";
				CLANG_CXX_LIBRARY = "libc++";
				CLANG_ENABLE_MODULES = YES;
				CLANG_ENABLE_OBJC_ARC = YES;
				CLANG_WARN_BOOL_CONVERSION = YES;
				CLANG_WARN_CONSTANT_CONVERSION = YES;
				CLANG_WARN_DIRECT_OBJC_ISA_USAGE = YES_ERROR;
				CLANG_WARN_DOCUMENTATION_COMMENTS = YES;
				CLANG_WARN_EMPTY_BODY = YES;
				CLANG_WARN_ENUM_CONVERSION = YES;
				CLANG_WARN_INFINITE_RECURSION = YES;
				CLANG_WARN_INT_CONVERSION = YES;
				CLANG_WARN_OBJC_ROOT_CLASS = YES_ERROR;
				CLANG_WARN_SUSPICIOUS_MOVES = YES;
				CLANG_WARN_UNREACHABLE_CODE = YES;
				CLANG_WARN__DUPLICATE_METHOD_MATCH = YES;
				"CODE_SIGN_IDENTITY[sdk=iphoneos*]" = "iPhone Developer";
				COPY_PHASE_STRIP = NO;
				DEBUG_INFORMATION_FORMAT = "dwarf-with-dsym";
				ENABLE_NS_ASSERTIONS = NO;
				ENABLE_STRICT_OBJC_MSGSEND = YES;
				GCC_C_LANGUAGE_STANDARD = gnu99;
				GCC_NO_COMMON_BLOCKS = YES;
				GCC_WARN_64_TO_32_BIT_CONVERSION = YES;
				GCC_WARN_ABOUT_RETURN_TYPE = YES_ERROR;
				GCC_WARN_UNDECLARED_SELECTOR = YES;
				GCC_WARN_UNINITIALIZED_AUTOS = YES_AGGRESSIVE;
				GCC_WARN_UNUSED_FUNCTION = YES;
				GCC_WARN_UNUSED_VARIABLE = YES;
				IPHONEOS_DEPLOYMENT_TARGET = 10.0;
				MTL_ENABLE_DEBUG_INFO = NO;
				SDKROOT = iphoneos;
				SWIFT_OPTIMIZATION_LEVEL = "-Owholemodule";
				TARGETED_DEVICE_FAMILY = "1,2";
				VALIDATE_PRODUCT = YES;
			};
			name = Release;
		};
		C9E9E2891DE6F3CE0047C85F /* Debug */ = {
			isa = XCBuildConfiguration;
			buildSettings = {
				ASSETCATALOG_COMPILER_APPICON_NAME = AppIcon;
				DEVELOPMENT_TEAM = "";
				INFOPLIST_FILE = MyLocation/Info.plist;
				LD_RUNPATH_SEARCH_PATHS = "$(inherited) @executable_path/Frameworks";
				PRODUCT_BUNDLE_IDENTIFIER = com.TimberTang.MyLocation;
				PRODUCT_NAME = "$(TARGET_NAME)";
				SWIFT_VERSION = 3.0;
			};
			name = Debug;
		};
		C9E9E28A1DE6F3CE0047C85F /* Release */ = {
			isa = XCBuildConfiguration;
			buildSettings = {
				ASSETCATALOG_COMPILER_APPICON_NAME = AppIcon;
				DEVELOPMENT_TEAM = "";
				INFOPLIST_FILE = MyLocation/Info.plist;
				LD_RUNPATH_SEARCH_PATHS = "$(inherited) @executable_path/Frameworks";
				PRODUCT_BUNDLE_IDENTIFIER = com.TimberTang.MyLocation;
				PRODUCT_NAME = "$(TARGET_NAME)";
				SWIFT_VERSION = 3.0;
			};
			name = Release;
		};
		C9E9E28C1DE6F3CE0047C85F /* Debug */ = {
			isa = XCBuildConfiguration;
			buildSettings = {
				ALWAYS_EMBED_SWIFT_STANDARD_LIBRARIES = YES;
				BUNDLE_LOADER = "$(TEST_HOST)";
				INFOPLIST_FILE = MyLocationTests/Info.plist;
				LD_RUNPATH_SEARCH_PATHS = "$(inherited) @executable_path/Frameworks @loader_path/Frameworks";
				PRODUCT_BUNDLE_IDENTIFIER = com.TimberTang.MyLocationTests;
				PRODUCT_NAME = "$(TARGET_NAME)";
				SWIFT_VERSION = 3.0;
				TEST_HOST = "$(BUILT_PRODUCTS_DIR)/MyLocation.app/MyLocation";
			};
			name = Debug;
		};
		C9E9E28D1DE6F3CE0047C85F /* Release */ = {
			isa = XCBuildConfiguration;
			buildSettings = {
				ALWAYS_EMBED_SWIFT_STANDARD_LIBRARIES = YES;
				BUNDLE_LOADER = "$(TEST_HOST)";
				INFOPLIST_FILE = MyLocationTests/Info.plist;
				LD_RUNPATH_SEARCH_PATHS = "$(inherited) @executable_path/Frameworks @loader_path/Frameworks";
				PRODUCT_BUNDLE_IDENTIFIER = com.TimberTang.MyLocationTests;
				PRODUCT_NAME = "$(TARGET_NAME)";
				SWIFT_VERSION = 3.0;
				TEST_HOST = "$(BUILT_PRODUCTS_DIR)/MyLocation.app/MyLocation";
			};
			name = Release;
		};
		C9E9E28F1DE6F3CE0047C85F /* Debug */ = {
			isa = XCBuildConfiguration;
			buildSettings = {
				ALWAYS_EMBED_SWIFT_STANDARD_LIBRARIES = YES;
				DEVELOPMENT_TEAM = "";
				INFOPLIST_FILE = MyLocationUITests/Info.plist;
				LD_RUNPATH_SEARCH_PATHS = "$(inherited) @executable_path/Frameworks @loader_path/Frameworks";
				PRODUCT_BUNDLE_IDENTIFIER = com.TimberTang.MyLocationUITests;
				PRODUCT_NAME = "$(TARGET_NAME)";
				SWIFT_VERSION = 3.0;
				TEST_TARGET_NAME = MyLocation;
			};
			name = Debug;
		};
		C9E9E2901DE6F3CE0047C85F /* Release */ = {
			isa = XCBuildConfiguration;
			buildSettings = {
				ALWAYS_EMBED_SWIFT_STANDARD_LIBRARIES = YES;
				DEVELOPMENT_TEAM = "";
				INFOPLIST_FILE = MyLocationUITests/Info.plist;
				LD_RUNPATH_SEARCH_PATHS = "$(inherited) @executable_path/Frameworks @loader_path/Frameworks";
				PRODUCT_BUNDLE_IDENTIFIER = com.TimberTang.MyLocationUITests;
				PRODUCT_NAME = "$(TARGET_NAME)";
				SWIFT_VERSION = 3.0;
				TEST_TARGET_NAME = MyLocation;
			};
			name = Release;
		};
/* End XCBuildConfiguration section */

/* Begin XCConfigurationList section */
		C9E9E2581DE6F3CE0047C85F /* Build configuration list for PBXProject "MyLocation" */ = {
			isa = XCConfigurationList;
			buildConfigurations = (
				C9E9E2861DE6F3CE0047C85F /* Debug */,
				C9E9E2871DE6F3CE0047C85F /* Release */,
			);
			defaultConfigurationIsVisible = 0;
			defaultConfigurationName = Release;
		};
		C9E9E2881DE6F3CE0047C85F /* Build configuration list for PBXNativeTarget "MyLocation" */ = {
			isa = XCConfigurationList;
			buildConfigurations = (
				C9E9E2891DE6F3CE0047C85F /* Debug */,
				C9E9E28A1DE6F3CE0047C85F /* Release */,
			);
			defaultConfigurationIsVisible = 0;
			defaultConfigurationName = Release;
		};
		C9E9E28B1DE6F3CE0047C85F /* Build configuration list for PBXNativeTarget "MyLocationTests" */ = {
			isa = XCConfigurationList;
			buildConfigurations = (
				C9E9E28C1DE6F3CE0047C85F /* Debug */,
				C9E9E28D1DE6F3CE0047C85F /* Release */,
			);
			defaultConfigurationIsVisible = 0;
			defaultConfigurationName = Release;
		};
		C9E9E28E1DE6F3CE0047C85F /* Build configuration list for PBXNativeTarget "MyLocationUITests" */ = {
			isa = XCConfigurationList;
			buildConfigurations = (
				C9E9E28F1DE6F3CE0047C85F /* Debug */,
				C9E9E2901DE6F3CE0047C85F /* Release */,
			);
			defaultConfigurationIsVisible = 0;
			defaultConfigurationName = Release;
		};
/* End XCConfigurationList section */
	};
	rootObject = C9E9E2551DE6F3CE0047C85F /* Project object */;
}
