// !$*UTF8*$!
{
	archiveVersion = 1;
	classes = {
	};
	objectVersion = 46;
	objects = {

/* Begin PBXBuildFile section */
		8214D83E1DE74A900001FC55 /* AppDelegate.swift in Sources */ = {isa = PBXBuildFile; fileRef = 8214D83D1DE74A900001FC55 /* AppDelegate.swift */; };
		8214D8401DE74A900001FC55 /* ViewController.swift in Sources */ = {isa = PBXBuildFile; fileRef = 8214D83F1DE74A900001FC55 /* ViewController.swift */; };
		8214D8431DE74A900001FC55 /* Main.storyboard in Resources */ = {isa = PBXBuildFile; fileRef = 8214D8411DE74A900001FC55 /* Main.storyboard */; };
		8214D8451DE74A900001FC55 /* Assets.xcassets in Resources */ = {isa = PBXBuildFile; fileRef = 8214D8441DE74A900001FC55 /* Assets.xcassets */; };
		8214D8481DE74A900001FC55 /* LaunchScreen.storyboard in Resources */ = {isa = PBXBuildFile; fileRef = 8214D8461DE74A900001FC55 /* LaunchScreen.storyboard */; };
		8214D8531DE74A900001FC55 /* PlayLocalVideoTests.swift in Sources */ = {isa = PBXBuildFile; fileRef = 8214D8521DE74A900001FC55 /* PlayLocalVideoTests.swift */; };
		8214D85E1DE74A900001FC55 /* PlayLocalVideoUITests.swift in Sources */ = {isa = PBXBuildFile; fileRef = 8214D85D1DE74A900001FC55 /* PlayLocalVideoUITests.swift */; };
		8214D86D1DE74BC70001FC55 /* emoji zone.mp4 in Resources */ = {isa = PBXBuildFile; fileRef = 8214D86C1DE74BC70001FC55 /* emoji zone.mp4 */; };
		8214D86F1DE7C8AC0001FC55 /* VideoCell.swift in Sources */ = {isa = PBXBuildFile; fileRef = 8214D86E1DE7C8AC0001FC55 /* VideoCell.swift */; };
		821C50151DEE7F250058FBE7 /* VideoModel.swift in Sources */ = {isa = PBXBuildFile; fileRef = 821C50141DEE7F250058FBE7 /* VideoModel.swift */; };
/* End PBXBuildFile section */

/* Begin PBXContainerItemProxy section */
		8214D84F1DE74A900001FC55 /* PBXContainerItemProxy */ = {
			isa = PBXContainerItemProxy;
			containerPortal = 8214D8321DE74A900001FC55 /* Project object */;
			proxyType = 1;
			remoteGlobalIDString = 8214D8391DE74A900001FC55;
			remoteInfo = PlayLocalVideo;
		};
		8214D85A1DE74A900001FC55 /* PBXContainerItemProxy */ = {
			isa = PBXContainerItemProxy;
			containerPortal = 8214D8321DE74A900001FC55 /* Project object */;
			proxyType = 1;
			remoteGlobalIDString = 8214D8391DE74A900001FC55;
			remoteInfo = PlayLocalVideo;
		};
/* End PBXContainerItemProxy section */

/* Begin PBXFileReference section */
		8214D83A1DE74A900001FC55 /* PlayLocalVideo.app */ = {isa = PBXFileReference; explicitFileType = wrapper.application; includeInIndex = 0; path = PlayLocalVideo.app; sourceTree = BUILT_PRODUCTS_DIR; };
		8214D83D1DE74A900001FC55 /* AppDelegate.swift */ = {isa = PBXFileReference; lastKnownFileType = sourcecode.swift; path = AppDelegate.swift; sourceTree = "<group>"; };
		8214D83F1DE74A900001FC55 /* ViewController.swift */ = {isa = PBXFileReference; lastKnownFileType = sourcecode.swift; path = ViewController.swift; sourceTree = "<group>"; };
		8214D8421DE74A900001FC55 /* Base */ = {isa = PBXFileReference; lastKnownFileType = file.storyboard; name = Base; path = Base.lproj/Main.storyboard; sourceTree = "<group>"; };
		8214D8441DE74A900001FC55 /* Assets.xcassets */ = {isa = PBXFileReference; lastKnownFileType = folder.assetcatalog; path = Assets.xcassets; sourceTree = "<group>"; };
		8214D8471DE74A900001FC55 /* Base */ = {isa = PBXFileReference; lastKnownFileType = file.storyboard; name = Base; path = Base.lproj/LaunchScreen.storyboard; sourceTree = "<group>"; };
		8214D8491DE74A900001FC55 /* Info.plist */ = {isa = PBXFileReference; lastKnownFileType = text.plist.xml; path = Info.plist; sourceTree = "<group>"; };
		8214D84E1DE74A900001FC55 /* PlayLocalVideoTests.xctest */ = {isa = PBXFileReference; explicitFileType = wrapper.cfbundle; includeInIndex = 0; path = PlayLocalVideoTests.xctest; sourceTree = BUILT_PRODUCTS_DIR; };
		8214D8521DE74A900001FC55 /* PlayLocalVideoTests.swift */ = {isa = PBXFileReference; lastKnownFileType = sourcecode.swift; path = PlayLocalVideoTests.swift; sourceTree = "<group>"; };
		8214D8541DE74A900001FC55 /* Info.plist */ = {isa = PBXFileReference; lastKnownFileType = text.plist.xml; path = Info.plist; sourceTree = "<group>"; };
		8214D8591DE74A900001FC55 /* PlayLocalVideoUITests.xctest */ = {isa = PBXFileReference; explicitFileType = wrapper.cfbundle; includeInIndex = 0; path = PlayLocalVideoUITests.xctest; sourceTree = BUILT_PRODUCTS_DIR; };
		8214D85D1DE74A900001FC55 /* PlayLocalVideoUITests.swift */ = {isa = PBXFileReference; lastKnownFileType = sourcecode.swift; path = PlayLocalVideoUITests.swift; sourceTree = "<group>"; };
		8214D85F1DE74A900001FC55 /* Info.plist */ = {isa = PBXFileReference; lastKnownFileType = text.plist.xml; path = Info.plist; sourceTree = "<group>"; };
		8214D86C1DE74BC70001FC55 /* emoji zone.mp4 */ = {isa = PBXFileReference; lastKnownFileType = file; path = "emoji zone.mp4"; sourceTree = "<group>"; };
		8214D86E1DE7C8AC0001FC55 /* VideoCell.swift */ = {isa = PBXFileReference; fileEncoding = 4; lastKnownFileType = sourcecode.swift; path = VideoCell.swift; sourceTree = "<group>"; };
		821C50141DEE7F250058FBE7 /* VideoModel.swift */ = {isa = PBXFileReference; fileEncoding = 4; lastKnownFileType = sourcecode.swift; path = VideoModel.swift; sourceTree = "<group>"; };
/* End PBXFileReference section */

/* Begin PBXFrameworksBuildPhase section */
		8214D8371DE74A900001FC55 /* Frameworks */ = {
			isa = PBXFrameworksBuildPhase;
			buildActionMask = 2147483647;
			files = (
			);
			runOnlyForDeploymentPostprocessing = 0;
		};
		8214D84B1DE74A900001FC55 /* Frameworks */ = {
			isa = PBXFrameworksBuildPhase;
			buildActionMask = 2147483647;
			files = (
			);
			runOnlyForDeploymentPostprocessing = 0;
		};
		8214D8561DE74A900001FC55 /* Frameworks */ = {
			isa = PBXFrameworksBuildPhase;
			buildActionMask = 2147483647;
			files = (
			);
			runOnlyForDeploymentPostprocessing = 0;
		};
/* End PBXFrameworksBuildPhase section */

/* Begin PBXGroup section */
		8214D8311DE74A900001FC55 = {
			isa = PBXGroup;
			children = (
				8214D83C1DE74A900001FC55 /* PlayLocalVideo */,
				8214D8511DE74A900001FC55 /* PlayLocalVideoTests */,
				8214D85C1DE74A900001FC55 /* PlayLocalVideoUITests */,
				8214D83B1DE74A900001FC55 /* Products */,
			);
			sourceTree = "<group>";
		};
		8214D83B1DE74A900001FC55 /* Products */ = {
			isa = PBXGroup;
			children = (
				8214D83A1DE74A900001FC55 /* PlayLocalVideo.app */,
				8214D84E1DE74A900001FC55 /* PlayLocalVideoTests.xctest */,
				8214D8591DE74A900001FC55 /* PlayLocalVideoUITests.xctest */,
			);
			name = Products;
			sourceTree = "<group>";
		};
		8214D83C1DE74A900001FC55 /* PlayLocalVideo */ = {
			isa = PBXGroup;
			children = (
				8214D83D1DE74A900001FC55 /* AppDelegate.swift */,
				8214D83F1DE74A900001FC55 /* ViewController.swift */,
				8214D86E1DE7C8AC0001FC55 /* VideoCell.swift */,
				821C50141DEE7F250058FBE7 /* VideoModel.swift */,
				8214D8411DE74A900001FC55 /* Main.storyboard */,
				8214D8441DE74A900001FC55 /* Assets.xcassets */,
				8214D86B1DE74BC70001FC55 /* MovieSource */,
				8214D8461DE74A900001FC55 /* LaunchScreen.storyboard */,
				8214D8491DE74A900001FC55 /* Info.plist */,
			);
			path = PlayLocalVideo;
			sourceTree = "<group>";
		};
		8214D8511DE74A900001FC55 /* PlayLocalVideoTests */ = {
			isa = PBXGroup;
			children = (
				8214D8521DE74A900001FC55 /* PlayLocalVideoTests.swift */,
				8214D8541DE74A900001FC55 /* Info.plist */,
			);
			path = PlayLocalVideoTests;
			sourceTree = "<group>";
		};
		8214D85C1DE74A900001FC55 /* PlayLocalVideoUITests */ = {
			isa = PBXGroup;
			children = (
				8214D85D1DE74A900001FC55 /* PlayLocalVideoUITests.swift */,
				8214D85F1DE74A900001FC55 /* Info.plist */,
			);
			path = PlayLocalVideoUITests;
			sourceTree = "<group>";
		};
		8214D86B1DE74BC70001FC55 /* MovieSource */ = {
			isa = PBXGroup;
			children = (
				8214D86C1DE74BC70001FC55 /* emoji zone.mp4 */,
			);
			path = MovieSource;
			sourceTree = "<group>";
		};
/* End PBXGroup section */

/* Begin PBXNativeTarget section */
		8214D8391DE74A900001FC55 /* PlayLocalVideo */ = {
			isa = PBXNativeTarget;
			buildConfigurationList = 8214D8621DE74A900001FC55 /* Build configuration list for PBXNativeTarget "PlayLocalVideo" */;
			buildPhases = (
				8214D8361DE74A900001FC55 /* Sources */,
				8214D8371DE74A900001FC55 /* Frameworks */,
				8214D8381DE74A900001FC55 /* Resources */,
			);
			buildRules = (
			);
			dependencies = (
			);
			name = PlayLocalVideo;
			productName = PlayLocalVideo;
			productReference = 8214D83A1DE74A900001FC55 /* PlayLocalVideo.app */;
			productType = "com.apple.product-type.application";
		};
		8214D84D1DE74A900001FC55 /* PlayLocalVideoTests */ = {
			isa = PBXNativeTarget;
			buildConfigurationList = 8214D8651DE74A900001FC55 /* Build configuration list for PBXNativeTarget "PlayLocalVideoTests" */;
			buildPhases = (
				8214D84A1DE74A900001FC55 /* Sources */,
				8214D84B1DE74A900001FC55 /* Frameworks */,
				8214D84C1DE74A900001FC55 /* Resources */,
			);
			buildRules = (
			);
			dependencies = (
				8214D8501DE74A900001FC55 /* PBXTargetDependency */,
			);
			name = PlayLocalVideoTests;
			productName = PlayLocalVideoTests;
			productReference = 8214D84E1DE74A900001FC55 /* PlayLocalVideoTests.xctest */;
			productType = "com.apple.product-type.bundle.unit-test";
		};
		8214D8581DE74A900001FC55 /* PlayLocalVideoUITests */ = {
			isa = PBXNativeTarget;
			buildConfigurationList = 8214D8681DE74A900001FC55 /* Build configuration list for PBXNativeTarget "PlayLocalVideoUITests" */;
			buildPhases = (
				8214D8551DE74A900001FC55 /* Sources */,
				8214D8561DE74A900001FC55 /* Frameworks */,
				8214D8571DE74A900001FC55 /* Resources */,
			);
			buildRules = (
			);
			dependencies = (
				8214D85B1DE74A900001FC55 /* PBXTargetDependency */,
			);
			name = PlayLocalVideoUITests;
			productName = PlayLocalVideoUITests;
			productReference = 8214D8591DE74A900001FC55 /* PlayLocalVideoUITests.xctest */;
			productType = "com.apple.product-type.bundle.ui-testing";
		};
/* End PBXNativeTarget section */

/* Begin PBXProject section */
		8214D8321DE74A900001FC55 /* Project object */ = {
			isa = PBXProject;
			attributes = {
				LastSwiftUpdateCheck = 0810;
				LastUpgradeCheck = 0810;
				ORGANIZATIONNAME = shifengming;
				TargetAttributes = {
					8214D8391DE74A900001FC55 = {
						CreatedOnToolsVersion = 8.1;
						DevelopmentTeam = 2LGH7NQTVL;
						ProvisioningStyle = Automatic;
					};
					8214D84D1DE74A900001FC55 = {
						CreatedOnToolsVersion = 8.1;
						DevelopmentTeam = 2LGH7NQTVL;
						ProvisioningStyle = Automatic;
						TestTargetID = 8214D8391DE74A900001FC55;
					};
					8214D8581DE74A900001FC55 = {
						CreatedOnToolsVersion = 8.1;
						DevelopmentTeam = 2LGH7NQTVL;
						ProvisioningStyle = Automatic;
						TestTargetID = 8214D8391DE74A900001FC55;
					};
				};
			};
			buildConfigurationList = 8214D8351DE74A900001FC55 /* Build configuration list for PBXProject "PlayLocalVideo" */;
			compatibilityVersion = "Xcode 3.2";
			developmentRegion = English;
			hasScannedForEncodings = 0;
			knownRegions = (
				en,
				Base,
			);
			mainGroup = 8214D8311DE74A900001FC55;
			productRefGroup = 8214D83B1DE74A900001FC55 /* Products */;
			projectDirPath = "";
			projectRoot = "";
			targets = (
				8214D8391DE74A900001FC55 /* PlayLocalVideo */,
				8214D84D1DE74A900001FC55 /* PlayLocalVideoTests */,
				8214D8581DE74A900001FC55 /* PlayLocalVideoUITests */,
			);
		};
/* End PBXProject section */

/* Begin PBXResourcesBuildPhase section */
		8214D8381DE74A900001FC55 /* Resources */ = {
			isa = PBXResourcesBuildPhase;
			buildActionMask = 2147483647;
			files = (
				8214D8481DE74A900001FC55 /* LaunchScreen.storyboard in Resources */,
				8214D86D1DE74BC70001FC55 /* emoji zone.mp4 in Resources */,
				8214D8451DE74A900001FC55 /* Assets.xcassets in Resources */,
				8214D8431DE74A900001FC55 /* Main.storyboard in Resources */,
			);
			runOnlyForDeploymentPostprocessing = 0;
		};
		8214D84C1DE74A900001FC55 /* Resources */ = {
			isa = PBXResourcesBuildPhase;
			buildActionMask = 2147483647;
			files = (
			);
			runOnlyForDeploymentPostprocessing = 0;
		};
		8214D8571DE74A900001FC55 /* Resources */ = {
			isa = PBXResourcesBuildPhase;
			buildActionMask = 2147483647;
			files = (
			);
			runOnlyForDeploymentPostprocessing = 0;
		};
/* End PBXResourcesBuildPhase section */

/* Begin PBXSourcesBuildPhase section */
		8214D8361DE74A900001FC55 /* Sources */ = {
			isa = PBXSourcesBuildPhase;
			buildActionMask = 2147483647;
			files = (
				8214D8401DE74A900001FC55 /* ViewController.swift in Sources */,
				8214D83E1DE74A900001FC55 /* AppDelegate.swift in Sources */,
				8214D86F1DE7C8AC0001FC55 /* VideoCell.swift in Sources */,
				821C50151DEE7F250058FBE7 /* VideoModel.swift in Sources */,
			);
			runOnlyForDeploymentPostprocessing = 0;
		};
		8214D84A1DE74A900001FC55 /* Sources */ = {
			isa = PBXSourcesBuildPhase;
			buildActionMask = 2147483647;
			files = (
				8214D8531DE74A900001FC55 /* PlayLocalVideoTests.swift in Sources */,
			);
			runOnlyForDeploymentPostprocessing = 0;
		};
		8214D8551DE74A900001FC55 /* Sources */ = {
			isa = PBXSourcesBuildPhase;
			buildActionMask = 2147483647;
			files = (
				8214D85E1DE74A900001FC55 /* PlayLocalVideoUITests.swift in Sources */,
			);
			runOnlyForDeploymentPostprocessing = 0;
		};
/* End PBXSourcesBuildPhase section */

/* Begin PBXTargetDependency section */
		8214D8501DE74A900001FC55 /* PBXTargetDependency */ = {
			isa = PBXTargetDependency;
			target = 8214D8391DE74A900001FC55 /* PlayLocalVideo */;
			targetProxy = 8214D84F1DE74A900001FC55 /* PBXContainerItemProxy */;
		};
		8214D85B1DE74A900001FC55 /* PBXTargetDependency */ = {
			isa = PBXTargetDependency;
			target = 8214D8391DE74A900001FC55 /* PlayLocalVideo */;
			targetProxy = 8214D85A1DE74A900001FC55 /* PBXContainerItemProxy */;
		};
/* End PBXTargetDependency section */

/* Begin PBXVariantGroup section */
		8214D8411DE74A900001FC55 /* Main.storyboard */ = {
			isa = PBXVariantGroup;
			children = (
				8214D8421DE74A900001FC55 /* Base */,
			);
			name = Main.storyboard;
			sourceTree = "<group>";
		};
		8214D8461DE74A900001FC55 /* LaunchScreen.storyboard */ = {
			isa = PBXVariantGroup;
			children = (
				8214D8471DE74A900001FC55 /* Base */,
			);
			name = LaunchScreen.storyboard;
			sourceTree = "<group>";
		};
/* End PBXVariantGroup section */

/* Begin XCBuildConfiguration section */
		8214D8601DE74A900001FC55 /* Debug */ = {
			isa = XCBuildConfiguration;
			buildSettings = {
				ALWAYS_SEARCH_USER_PATHS = NO;
				CLANG_ANALYZER_NONNULL = YES;
				CLANG_CXX_LANGUAGE_STANDARD = "gnu++0x";
				CLANG_CXX_LIBRARY = "libc++";
				CLANG_ENABLE_MODULES = YES;
				CLANG_ENABLE_OBJC_ARC = YES;
				CLANG_WARN_BOOL_CONVERSION = YES;
				CLANG_WARN_CONSTANT_CONVERSION = YES;
				CLANG_WARN_DIRECT_OBJC_ISA_USAGE = YES_ERROR;
				CLANG_WARN_DOCUMENTATION_COMMENTS = YES;
				CLANG_WARN_EMPTY_BODY = YES;
				CLANG_WARN_ENUM_CONVERSION = YES;
				CLANG_WARN_INFINITE_RECURSION = YES;
				CLANG_WARN_INT_CONVERSION = YES;
				CLANG_WARN_OBJC_ROOT_CLASS = YES_ERROR;
				CLANG_WARN_SUSPICIOUS_MOVES = YES;
				CLANG_WARN_UNREACHABLE_CODE = YES;
				CLANG_WARN__DUPLICATE_METHOD_MATCH = YES;
				"CODE_SIGN_IDENTITY[sdk=iphoneos*]" = "iPhone Developer";
				COPY_PHASE_STRIP = NO;
				DEBUG_INFORMATION_FORMAT = dwarf;
				ENABLE_STRICT_OBJC_MSGSEND = YES;
				ENABLE_TESTABILITY = YES;
				GCC_C_LANGUAGE_STANDARD = gnu99;
				GCC_DYNAMIC_NO_PIC = NO;
				GCC_NO_COMMON_BLOCKS = YES;
				GCC_OPTIMIZATION_LEVEL = 0;
				GCC_PREPROCESSOR_DEFINITIONS = (
					"DEBUG=1",
					"$(inherited)",
				);
				GCC_WARN_64_TO_32_BIT_CONVERSION = YES;
				GCC_WARN_ABOUT_RETURN_TYPE = YES_ERROR;
				GCC_WARN_UNDECLARED_SELECTOR = YES;
				GCC_WARN_UNINITIALIZED_AUTOS = YES_AGGRESSIVE;
				GCC_WARN_UNUSED_FUNCTION = YES;
				GCC_WARN_UNUSED_VARIABLE = YES;
				IPHONEOS_DEPLOYMENT_TARGET = 10.1;
				MTL_ENABLE_DEBUG_INFO = YES;
				ONLY_ACTIVE_ARCH = YES;
				SDKROOT = iphoneos;
				SWIFT_ACTIVE_COMPILATION_CONDITIONS = DEBUG;
				SWIFT_OPTIMIZATION_LEVEL = "-Onone";
			};
			name = Debug;
		};
		8214D8611DE74A900001FC55 /* Release */ = {
			isa = XCBuildConfiguration;
			buildSettings = {
				ALWAYS_SEARCH_USER_PATHS = NO;
				CLANG_ANALYZER_NONNULL = YES;
				CLANG_CXX_LANGUAGE_STANDARD = "gnu++0x";
				CLANG_CXX_LIBRARY = "libc++";
				CLANG_ENABLE_MODULES = YES;
				CLANG_ENABLE_OBJC_ARC = YES;
				CLANG_WARN_BOOL_CONVERSION = YES;
				CLANG_WARN_CONSTANT_CONVERSION = YES;
				CLANG_WARN_DIRECT_OBJC_ISA_USAGE = YES_ERROR;
				CLANG_WARN_DOCUMENTATION_COMMENTS = YES;
				CLANG_WARN_EMPTY_BODY = YES;
				CLANG_WARN_ENUM_CONVERSION = YES;
				CLANG_WARN_INFINITE_RECURSION = YES;
				CLANG_WARN_INT_CONVERSION = YES;
				CLANG_WARN_OBJC_ROOT_CLASS = YES_ERROR;
				CLANG_WARN_SUSPICIOUS_MOVES = YES;
				CLANG_WARN_UNREACHABLE_CODE = YES;
				CLANG_WARN__DUPLICATE_METHOD_MATCH = YES;
				"CODE_SIGN_IDENTITY[sdk=iphoneos*]" = "iPhone Developer";
				COPY_PHASE_STRIP = NO;
				DEBUG_INFORMATION_FORMAT = "dwarf-with-dsym";
				ENABLE_NS_ASSERTIONS = NO;
				ENABLE_STRICT_OBJC_MSGSEND = YES;
				GCC_C_LANGUAGE_STANDARD = gnu99;
				GCC_NO_COMMON_BLOCKS = YES;
				GCC_WARN_64_TO_32_BIT_CONVERSION = YES;
				GCC_WARN_ABOUT_RETURN_TYPE = YES_ERROR;
				GCC_WARN_UNDECLARED_SELECTOR = YES;
				GCC_WARN_UNINITIALIZED_AUTOS = YES_AGGRESSIVE;
				GCC_WARN_UNUSED_FUNCTION = YES;
				GCC_WARN_UNUSED_VARIABLE = YES;
				IPHONEOS_DEPLOYMENT_TARGET = 10.1;
				MTL_ENABLE_DEBUG_INFO = NO;
				SDKROOT = iphoneos;
				SWIFT_OPTIMIZATION_LEVEL = "-Owholemodule";
				VALIDATE_PRODUCT = YES;
			};
			name = Release;
		};
		8214D8631DE74A900001FC55 /* Debug */ = {
			isa = XCBuildConfiguration;
			buildSettings = {
				ASSETCATALOG_COMPILER_APPICON_NAME = AppIcon;
				DEVELOPMENT_TEAM = 2LGH7NQTVL;
				INFOPLIST_FILE = PlayLocalVideo/Info.plist;
				LD_RUNPATH_SEARCH_PATHS = "$(inherited) @executable_path/Frameworks";
				PRODUCT_BUNDLE_IDENTIFIER = sfmDev.PlayLocalVideo;
				PRODUCT_NAME = "$(TARGET_NAME)";
				SWIFT_VERSION = 3.0;
			};
			name = Debug;
		};
		8214D8641DE74A900001FC55 /* Release */ = {
			isa = XCBuildConfiguration;
			buildSettings = {
				ASSETCATALOG_COMPILER_APPICON_NAME = AppIcon;
				DEVELOPMENT_TEAM = 2LGH7NQTVL;
				INFOPLIST_FILE = PlayLocalVideo/Info.plist;
				LD_RUNPATH_SEARCH_PATHS = "$(inherited) @executable_path/Frameworks";
				PRODUCT_BUNDLE_IDENTIFIER = sfmDev.PlayLocalVideo;
				PRODUCT_NAME = "$(TARGET_NAME)";
				SWIFT_VERSION = 3.0;
			};
			name = Release;
		};
		8214D8661DE74A900001FC55 /* Debug */ = {
			isa = XCBuildConfiguration;
			buildSettings = {
				ALWAYS_EMBED_SWIFT_STANDARD_LIBRARIES = YES;
				BUNDLE_LOADER = "$(TEST_HOST)";
				DEVELOPMENT_TEAM = 2LGH7NQTVL;
				INFOPLIST_FILE = PlayLocalVideoTests/Info.plist;
				LD_RUNPATH_SEARCH_PATHS = "$(inherited) @executable_path/Frameworks @loader_path/Frameworks";
				PRODUCT_BUNDLE_IDENTIFIER = sfmDev.PlayLocalVideoTests;
				PRODUCT_NAME = "$(TARGET_NAME)";
				SWIFT_VERSION = 3.0;
				TEST_HOST = "$(BUILT_PRODUCTS_DIR)/PlayLocalVideo.app/PlayLocalVideo";
			};
			name = Debug;
		};
		8214D8671DE74A900001FC55 /* Release */ = {
			isa = XCBuildConfiguration;
			buildSettings = {
				ALWAYS_EMBED_SWIFT_STANDARD_LIBRARIES = YES;
				BUNDLE_LOADER = "$(TEST_HOST)";
				DEVELOPMENT_TEAM = 2LGH7NQTVL;
				INFOPLIST_FILE = PlayLocalVideoTests/Info.plist;
				LD_RUNPATH_SEARCH_PATHS = "$(inherited) @executable_path/Frameworks @loader_path/Frameworks";
				PRODUCT_BUNDLE_IDENTIFIER = sfmDev.PlayLocalVideoTests;
				PRODUCT_NAME = "$(TARGET_NAME)";
				SWIFT_VERSION = 3.0;
				TEST_HOST = "$(BUILT_PRODUCTS_DIR)/PlayLocalVideo.app/PlayLocalVideo";
			};
			name = Release;
		};
		8214D8691DE74A900001FC55 /* Debug */ = {
			isa = XCBuildConfiguration;
			buildSettings = {
				ALWAYS_EMBED_SWIFT_STANDARD_LIBRARIES = YES;
				DEVELOPMENT_TEAM = 2LGH7NQTVL;
				INFOPLIST_FILE = PlayLocalVideoUITests/Info.plist;
				LD_RUNPATH_SEARCH_PATHS = "$(inherited) @executable_path/Frameworks @loader_path/Frameworks";
				PRODUCT_BUNDLE_IDENTIFIER = sfmDev.PlayLocalVideoUITests;
				PRODUCT_NAME = "$(TARGET_NAME)";
				SWIFT_VERSION = 3.0;
				TEST_TARGET_NAME = PlayLocalVideo;
			};
			name = Debug;
		};
		8214D86A1DE74A900001FC55 /* Release */ = {
			isa = XCBuildConfiguration;
			buildSettings = {
				ALWAYS_EMBED_SWIFT_STANDARD_LIBRARIES = YES;
				DEVELOPMENT_TEAM = 2LGH7NQTVL;
				INFOPLIST_FILE = PlayLocalVideoUITests/Info.plist;
				LD_RUNPATH_SEARCH_PATHS = "$(inherited) @executable_path/Frameworks @loader_path/Frameworks";
				PRODUCT_BUNDLE_IDENTIFIER = sfmDev.PlayLocalVideoUITests;
				PRODUCT_NAME = "$(TARGET_NAME)";
				SWIFT_VERSION = 3.0;
				TEST_TARGET_NAME = PlayLocalVideo;
			};
			name = Release;
		};
/* End XCBuildConfiguration section */

/* Begin XCConfigurationList section */
		8214D8351DE74A900001FC55 /* Build configuration list for PBXProject "PlayLocalVideo" */ = {
			isa = XCConfigurationList;
			buildConfigurations = (
				8214D8601DE74A900001FC55 /* Debug */,
				8214D8611DE74A900001FC55 /* Release */,
			);
			defaultConfigurationIsVisible = 0;
			defaultConfigurationName = Release;
		};
		8214D8621DE74A900001FC55 /* Build configuration list for PBXNativeTarget "PlayLocalVideo" */ = {
			isa = XCConfigurationList;
			buildConfigurations = (
				8214D8631DE74A900001FC55 /* Debug */,
				8214D8641DE74A900001FC55 /* Release */,
			);
			defaultConfigurationIsVisible = 0;
			defaultConfigurationName = Release;
		};
		8214D8651DE74A900001FC55 /* Build configuration list for PBXNativeTarget "PlayLocalVideoTests" */ = {
			isa = XCConfigurationList;
			buildConfigurations = (
				8214D8661DE74A900001FC55 /* Debug */,
				8214D8671DE74A900001FC55 /* Release */,
			);
			defaultConfigurationIsVisible = 0;
			defaultConfigurationName = Release;
		};
		8214D8681DE74A900001FC55 /* Build configuration list for PBXNativeTarget "PlayLocalVideoUITests" */ = {
			isa = XCConfigurationList;
			buildConfigurations = (
				8214D8691DE74A900001FC55 /* Debug */,
				8214D86A1DE74A900001FC55 /* Release */,
			);
			defaultConfigurationIsVisible = 0;
			defaultConfigurationName = Release;
		};
/* End XCConfigurationList section */
	};
	rootObject = 8214D8321DE74A900001FC55 /* Project object */;
}
