// !$*UTF8*$!
{
	archiveVersion = 1;
	classes = {
	};
	objectVersion = 46;
	objects = {

/* Begin PBXBuildFile section */
		8421614B1DEBD4A7007A15EA /* AppDelegate.swift in Sources */ = {isa = PBXBuildFile; fileRef = 8421614A1DEBD4A7007A15EA /* AppDelegate.swift */; };
		8421614D1DEBD4A7007A15EA /* ViewController.swift in Sources */ = {isa = PBXBuildFile; fileRef = 8421614C1DEBD4A7007A15EA /* ViewController.swift */; };
		842161501DEBD4A7007A15EA /* Main.storyboard in Resources */ = {isa = PBXBuildFile; fileRef = 8421614E1DEBD4A7007A15EA /* Main.storyboard */; };
		842161521DEBD4A7007A15EA /* Assets.xcassets in Resources */ = {isa = PBXBuildFile; fileRef = 842161511DEBD4A7007A15EA /* Assets.xcassets */; };
		842161551DEBD4A7007A15EA /* LaunchScreen.storyboard in Resources */ = {isa = PBXBuildFile; fileRef = 842161531DEBD4A7007A15EA /* LaunchScreen.storyboard */; };
/* End PBXBuildFile section */

/* Begin PBXFileReference section */
		842161471DEBD4A7007A15EA /* ImageScroller.app */ = {isa = PBXFileReference; explicitFileType = wrapper.application; includeInIndex = 0; path = ImageScroller.app; sourceTree = BUILT_PRODUCTS_DIR; };
		8421614A1DEBD4A7007A15EA /* AppDelegate.swift */ = {isa = PBXFileReference; lastKnownFileType = sourcecode.swift; path = AppDelegate.swift; sourceTree = "<group>"; };
		8421614C1DEBD4A7007A15EA /* ViewController.swift */ = {isa = PBXFileReference; lastKnownFileType = sourcecode.swift; path = ViewController.swift; sourceTree = "<group>"; };
		8421614F1DEBD4A7007A15EA /* Base */ = {isa = PBXFileReference; lastKnownFileType = file.storyboard; name = Base; path = Base.lproj/Main.storyboard; sourceTree = "<group>"; };
		842161511DEBD4A7007A15EA /* Assets.xcassets */ = {isa = PBXFileReference; lastKnownFileType = folder.assetcatalog; path = Assets.xcassets; sourceTree = "<group>"; };
		842161541DEBD4A7007A15EA /* Base */ = {isa = PBXFileReference; lastKnownFileType = file.storyboard; name = Base; path = Base.lproj/LaunchScreen.storyboard; sourceTree = "<group>"; };
		842161561DEBD4A7007A15EA /* Info.plist */ = {isa = PBXFileReference; lastKnownFileType = text.plist.xml; path = Info.plist; sourceTree = "<group>"; };
/* End PBXFileReference section */

/* Begin PBXFrameworksBuildPhase section */
		842161441DEBD4A7007A15EA /* Frameworks */ = {
			isa = PBXFrameworksBuildPhase;
			buildActionMask = 2147483647;
			files = (
			);
			runOnlyForDeploymentPostprocessing = 0;
		};
/* End PBXFrameworksBuildPhase section */

/* Begin PBXGroup section */
		8421613E1DEBD4A7007A15EA = {
			isa = PBXGroup;
			children = (
				842161491DEBD4A7007A15EA /* ImageScroller */,
				842161481DEBD4A7007A15EA /* Products */,
			);
			sourceTree = "<group>";
		};
		842161481DEBD4A7007A15EA /* Products */ = {
			isa = PBXGroup;
			children = (
				842161471DEBD4A7007A15EA /* ImageScroller.app */,
			);
			name = Products;
			sourceTree = "<group>";
		};
		842161491DEBD4A7007A15EA /* ImageScroller */ = {
			isa = PBXGroup;
			children = (
				8421614A1DEBD4A7007A15EA /* AppDelegate.swift */,
				8421614C1DEBD4A7007A15EA /* ViewController.swift */,
				8421614E1DEBD4A7007A15EA /* Main.storyboard */,
				842161511DEBD4A7007A15EA /* Assets.xcassets */,
				842161531DEBD4A7007A15EA /* LaunchScreen.storyboard */,
				842161561DEBD4A7007A15EA /* Info.plist */,
			);
			path = ImageScroller;
			sourceTree = "<group>";
		};
/* End PBXGroup section */

/* Begin PBXNativeTarget section */
		842161461DEBD4A7007A15EA /* ImageScroller */ = {
			isa = PBXNativeTarget;
			buildConfigurationList = 842161591DEBD4A7007A15EA /* Build configuration list for PBXNativeTarget "ImageScroller" */;
			buildPhases = (
				842161431DEBD4A7007A15EA /* Sources */,
				842161441DEBD4A7007A15EA /* Frameworks */,
				842161451DEBD4A7007A15EA /* Resources */,
			);
			buildRules = (
			);
			dependencies = (
			);
			name = ImageScroller;
			productName = ImageScroller;
			productReference = 842161471DEBD4A7007A15EA /* ImageScroller.app */;
			productType = "com.apple.product-type.application";
		};
/* End PBXNativeTarget section */

/* Begin PBXProject section */
		8421613F1DEBD4A7007A15EA /* Project object */ = {
			isa = PBXProject;
			attributes = {
				LastSwiftUpdateCheck = 0810;
				LastUpgradeCheck = 0810;
				ORGANIZATIONNAME = Yasin;
				TargetAttributes = {
					842161461DEBD4A7007A15EA = {
						CreatedOnToolsVersion = 8.1;
						ProvisioningStyle = Automatic;
					};
				};
			};
			buildConfigurationList = 842161421DEBD4A7007A15EA /* Build configuration list for PBXProject "ImageScroller" */;
			compatibilityVersion = "Xcode 3.2";
			developmentRegion = English;
			hasScannedForEncodings = 0;
			knownRegions = (
				en,
				Base,
			);
			mainGroup = 8421613E1DEBD4A7007A15EA;
			productRefGroup = 842161481DEBD4A7007A15EA /* Products */;
			projectDirPath = "";
			projectRoot = "";
			targets = (
				842161461DEBD4A7007A15EA /* ImageScroller */,
			);
		};
/* End PBXProject section */

/* Begin PBXResourcesBuildPhase section */
		842161451DEBD4A7007A15EA /* Resources */ = {
			isa = PBXResourcesBuildPhase;
			buildActionMask = 2147483647;
			files = (
				842161551DEBD4A7007A15EA /* LaunchScreen.storyboard in Resources */,
				842161521DEBD4A7007A15EA /* Assets.xcassets in Resources */,
				842161501DEBD4A7007A15EA /* Main.storyboard in Resources */,
			);
			runOnlyForDeploymentPostprocessing = 0;
		};
/* End PBXResourcesBuildPhase section */

/* Begin PBXSourcesBuildPhase section */
		842161431DEBD4A7007A15EA /* Sources */ = {
			isa = PBXSourcesBuildPhase;
			buildActionMask = 2147483647;
			files = (
				8421614D1DEBD4A7007A15EA /* ViewController.swift in Sources */,
				8421614B1DEBD4A7007A15EA /* AppDelegate.swift in Sources */,
			);
			runOnlyForDeploymentPostprocessing = 0;
		};
/* End PBXSourcesBuildPhase section */

/* Begin PBXVariantGroup section */
		8421614E1DEBD4A7007A15EA /* Main.storyboard */ = {
			isa = PBXVariantGroup;
			children = (
				8421614F1DEBD4A7007A15EA /* Base */,
			);
			name = Main.storyboard;
			sourceTree = "<group>";
		};
		842161531DEBD4A7007A15EA /* LaunchScreen.storyboard */ = {
			isa = PBXVariantGroup;
			children = (
				842161541DEBD4A7007A15EA /* Base */,
			);
			name = LaunchScreen.storyboard;
			sourceTree = "<group>";
		};
/* End PBXVariantGroup section */

/* Begin XCBuildConfiguration section */
		842161571DEBD4A7007A15EA /* Debug */ = {
			isa = XCBuildConfiguration;
			buildSettings = {
				ALWAYS_SEARCH_USER_PATHS = NO;
				CLANG_ANALYZER_NONNULL = YES;
				CLANG_CXX_LANGUAGE_STANDARD = "gnu++0x";
				CLANG_CXX_LIBRARY = "libc++";
				CLANG_ENABLE_MODULES = YES;
				CLANG_ENABLE_OBJC_ARC = YES;
				CLANG_WARN_BOOL_CONVERSION = YES;
				CLANG_WARN_CONSTANT_CONVERSION = YES;
				CLANG_WARN_DIRECT_OBJC_ISA_USAGE = YES_ERROR;
				CLANG_WARN_DOCUMENTATION_COMMENTS = YES;
				CLANG_WARN_EMPTY_BODY = YES;
				CLANG_WARN_ENUM_CONVERSION = YES;
				CLANG_WARN_INFINITE_RECURSION = YES;
				CLANG_WARN_INT_CONVERSION = YES;
				CLANG_WARN_OBJC_ROOT_CLASS = YES_ERROR;
				CLANG_WARN_SUSPICIOUS_MOVES = YES;
				CLANG_WARN_UNREACHABLE_CODE = YES;
				CLANG_WARN__DUPLICATE_METHOD_MATCH = YES;
				"CODE_SIGN_IDENTITY[sdk=iphoneos*]" = "iPhone Developer";
				COPY_PHASE_STRIP = NO;
				DEBUG_INFORMATION_FORMAT = dwarf;
				ENABLE_STRICT_OBJC_MSGSEND = YES;
				ENABLE_TESTABILITY = YES;
				GCC_C_LANGUAGE_STANDARD = gnu99;
				GCC_DYNAMIC_NO_PIC = NO;
				GCC_NO_COMMON_BLOCKS = YES;
				GCC_OPTIMIZATION_LEVEL = 0;
				GCC_PREPROCESSOR_DEFINITIONS = (
					"DEBUG=1",
					"$(inherited)",
				);
				GCC_WARN_64_TO_32_BIT_CONVERSION = YES;
				GCC_WARN_ABOUT_RETURN_TYPE = YES_ERROR;
				GCC_WARN_UNDECLARED_SELECTOR = YES;
				GCC_WARN_UNINITIALIZED_AUTOS = YES_AGGRESSIVE;
				GCC_WARN_UNUSED_FUNCTION = YES;
				GCC_WARN_UNUSED_VARIABLE = YES;
				IPHONEOS_DEPLOYMENT_TARGET = 10.1;
				MTL_ENABLE_DEBUG_INFO = YES;
				ONLY_ACTIVE_ARCH = YES;
				SDKROOT = iphoneos;
				SWIFT_ACTIVE_COMPILATION_CONDITIONS = DEBUG;
				SWIFT_OPTIMIZATION_LEVEL = "-Onone";
			};
			name = Debug;
		};
		842161581DEBD4A7007A15EA /* Release */ = {
			isa = XCBuildConfiguration;
			buildSettings = {
				ALWAYS_SEARCH_USER_PATHS = NO;
				CLANG_ANALYZER_NONNULL = YES;
				CLANG_CXX_LANGUAGE_STANDARD = "gnu++0x";
				CLANG_CXX_LIBRARY = "libc++";
				CLANG_ENABLE_MODULES = YES;
				CLANG_ENABLE_OBJC_ARC = YES;
				CLANG_WARN_BOOL_CONVERSION = YES;
				CLANG_WARN_CONSTANT_CONVERSION = YES;
				CLANG_WARN_DIRECT_OBJC_ISA_USAGE = YES_ERROR;
				CLANG_WARN_DOCUMENTATION_COMMENTS = YES;
				CLANG_WARN_EMPTY_BODY = YES;
				CLANG_WARN_ENUM_CONVERSION = YES;
				CLANG_WARN_INFINITE_RECURSION = YES;
				CLANG_WARN_INT_CONVERSION = YES;
				CLANG_WARN_OBJC_ROOT_CLASS = YES_ERROR;
				CLANG_WARN_SUSPICIOUS_MOVES = YES;
				CLANG_WARN_UNREACHABLE_CODE = YES;
				CLANG_WARN__DUPLICATE_METHOD_MATCH = YES;
				"CODE_SIGN_IDENTITY[sdk=iphoneos*]" = "iPhone Developer";
				COPY_PHASE_STRIP = NO;
				DEBUG_INFORMATION_FORMAT = "dwarf-with-dsym";
				ENABLE_NS_ASSERTIONS = NO;
				ENABLE_STRICT_OBJC_MSGSEND = YES;
				GCC_C_LANGUAGE_STANDARD = gnu99;
				GCC_NO_COMMON_BLOCKS = YES;
				GCC_WARN_64_TO_32_BIT_CONVERSION = YES;
				GCC_WARN_ABOUT_RETURN_TYPE = YES_ERROR;
				GCC_WARN_UNDECLARED_SELECTOR = YES;
				GCC_WARN_UNINITIALIZED_AUTOS = YES_AGGRESSIVE;
				GCC_WARN_UNUSED_FUNCTION = YES;
				GCC_WARN_UNUSED_VARIABLE = YES;
				IPHONEOS_DEPLOYMENT_TARGET = 10.1;
				MTL_ENABLE_DEBUG_INFO = NO;
				SDKROOT = iphoneos;
				SWIFT_OPTIMIZATION_LEVEL = "-Owholemodule";
				VALIDATE_PRODUCT = YES;
			};
			name = Release;
		};
		8421615A1DEBD4A7007A15EA /* Debug */ = {
			isa = XCBuildConfiguration;
			buildSettings = {
				ASSETCATALOG_COMPILER_APPICON_NAME = AppIcon;
				INFOPLIST_FILE = ImageScroller/Info.plist;
				LD_RUNPATH_SEARCH_PATHS = "$(inherited) @executable_path/Frameworks";
				PRODUCT_BUNDLE_IDENTIFIER = com.Yasin.ImageScroller;
				PRODUCT_NAME = "$(TARGET_NAME)";
				SWIFT_VERSION = 3.0;
			};
			name = Debug;
		};
		8421615B1DEBD4A7007A15EA /* Release */ = {
			isa = XCBuildConfiguration;
			buildSettings = {
				ASSETCATALOG_COMPILER_APPICON_NAME = AppIcon;
				INFOPLIST_FILE = ImageScroller/Info.plist;
				LD_RUNPATH_SEARCH_PATHS = "$(inherited) @executable_path/Frameworks";
				PRODUCT_BUNDLE_IDENTIFIER = com.Yasin.ImageScroller;
				PRODUCT_NAME = "$(TARGET_NAME)";
				SWIFT_VERSION = 3.0;
			};
			name = Release;
		};
/* End XCBuildConfiguration section */

/* Begin XCConfigurationList section */
		842161421DEBD4A7007A15EA /* Build configuration list for PBXProject "ImageScroller" */ = {
			isa = XCConfigurationList;
			buildConfigurations = (
				842161571DEBD4A7007A15EA /* Debug */,
				842161581DEBD4A7007A15EA /* Release */,
			);
			defaultConfigurationIsVisible = 0;
			defaultConfigurationName = Release;
		};
		842161591DEBD4A7007A15EA /* Build configuration list for PBXNativeTarget "ImageScroller" */ = {
			isa = XCConfigurationList;
			buildConfigurations = (
				8421615A1DEBD4A7007A15EA /* Debug */,
				8421615B1DEBD4A7007A15EA /* Release */,
			);
			defaultConfigurationIsVisible = 0;
		};
/* End XCConfigurationList section */
	};
	rootObject = 8421613F1DEBD4A7007A15EA /* Project object */;
}
