// !$*UTF8*$!
{
	archiveVersion = 1;
	classes = {
	};
	objectVersion = 46;
	objects = {

/* Begin PBXBuildFile section */
		DFC198741DE7F07200459236 /* AppDelegate.swift in Sources */ = {isa = PBXBuildFile; fileRef = DFC198731DE7F07200459236 /* AppDelegate.swift */; };
		DFC198761DE7F07200459236 /* MasterViewController.swift in Sources */ = {isa = PBXBuildFile; fileRef = DFC198751DE7F07200459236 /* MasterViewController.swift */; };
		DFC198791DE7F07200459236 /* Main.storyboard in Resources */ = {isa = PBXBuildFile; fileRef = DFC198771DE7F07200459236 /* Main.storyboard */; };
		DFC1987B1DE7F07200459236 /* Assets.xcassets in Resources */ = {isa = PBXBuildFile; fileRef = DFC1987A1DE7F07200459236 /* Assets.xcassets */; };
		DFC1987E1DE7F07200459236 /* LaunchScreen.storyboard in Resources */ = {isa = PBXBuildFile; fileRef = DFC1987C1DE7F07200459236 /* LaunchScreen.storyboard */; };
		DFC198891DE7F07200459236 /* Project_05___CarouselEffectTests.swift in Sources */ = {isa = PBXBuildFile; fileRef = DFC198881DE7F07200459236 /* Project_05___CarouselEffectTests.swift */; };
		DFC198941DE7F07200459236 /* Project_05___CarouselEffectUITests.swift in Sources */ = {isa = PBXBuildFile; fileRef = DFC198931DE7F07200459236 /* Project_05___CarouselEffectUITests.swift */; };
		DFC198A21DE7FEAF00459236 /* JokeCell.swift in Sources */ = {isa = PBXBuildFile; fileRef = DFC198A11DE7FEAF00459236 /* JokeCell.swift */; };
		DFC198A41DE7FEBF00459236 /* JokeItem.swift in Sources */ = {isa = PBXBuildFile; fileRef = DFC198A31DE7FEBF00459236 /* JokeItem.swift */; };
/* End PBXBuildFile section */

/* Begin PBXContainerItemProxy section */
		DFC198851DE7F07200459236 /* PBXContainerItemProxy */ = {
			isa = PBXContainerItemProxy;
			containerPortal = DFC198681DE7F07100459236 /* Project object */;
			proxyType = 1;
			remoteGlobalIDString = DFC1986F1DE7F07200459236;
			remoteInfo = "Project 05 - CarouselEffect";
		};
		DFC198901DE7F07200459236 /* PBXContainerItemProxy */ = {
			isa = PBXContainerItemProxy;
			containerPortal = DFC198681DE7F07100459236 /* Project object */;
			proxyType = 1;
			remoteGlobalIDString = DFC1986F1DE7F07200459236;
			remoteInfo = "Project 05 - CarouselEffect";
		};
/* End PBXContainerItemProxy section */

/* Begin PBXFileReference section */
		DFC198701DE7F07200459236 /* CarouselEffect.app */ = {isa = PBXFileReference; explicitFileType = wrapper.application; includeInIndex = 0; path = CarouselEffect.app; sourceTree = BUILT_PRODUCTS_DIR; };
		DFC198731DE7F07200459236 /* AppDelegate.swift */ = {isa = PBXFileReference; lastKnownFileType = sourcecode.swift; path = AppDelegate.swift; sourceTree = "<group>"; };
		DFC198751DE7F07200459236 /* MasterViewController.swift */ = {isa = PBXFileReference; lastKnownFileType = sourcecode.swift; path = MasterViewController.swift; sourceTree = "<group>"; };
		DFC198781DE7F07200459236 /* Base */ = {isa = PBXFileReference; lastKnownFileType = file.storyboard; name = Base; path = Base.lproj/Main.storyboard; sourceTree = "<group>"; };
		DFC1987A1DE7F07200459236 /* Assets.xcassets */ = {isa = PBXFileReference; lastKnownFileType = folder.assetcatalog; path = Assets.xcassets; sourceTree = "<group>"; };
		DFC1987D1DE7F07200459236 /* Base */ = {isa = PBXFileReference; lastKnownFileType = file.storyboard; name = Base; path = Base.lproj/LaunchScreen.storyboard; sourceTree = "<group>"; };
		DFC1987F1DE7F07200459236 /* Info.plist */ = {isa = PBXFileReference; lastKnownFileType = text.plist.xml; path = Info.plist; sourceTree = "<group>"; };
		DFC198841DE7F07200459236 /* CarouselEffectTests.xctest */ = {isa = PBXFileReference; explicitFileType = wrapper.cfbundle; includeInIndex = 0; path = CarouselEffectTests.xctest; sourceTree = BUILT_PRODUCTS_DIR; };
		DFC198881DE7F07200459236 /* Project_05___CarouselEffectTests.swift */ = {isa = PBXFileReference; lastKnownFileType = sourcecode.swift; path = "Project_05___CarouselEffectTests.swift"; sourceTree = "<group>"; };
		DFC1988A1DE7F07200459236 /* Info.plist */ = {isa = PBXFileReference; lastKnownFileType = text.plist.xml; path = Info.plist; sourceTree = "<group>"; };
		DFC1988F1DE7F07200459236 /* CarouselEffectUITests.xctest */ = {isa = PBXFileReference; explicitFileType = wrapper.cfbundle; includeInIndex = 0; path = CarouselEffectUITests.xctest; sourceTree = BUILT_PRODUCTS_DIR; };
		DFC198931DE7F07200459236 /* Project_05___CarouselEffectUITests.swift */ = {isa = PBXFileReference; lastKnownFileType = sourcecode.swift; path = "Project_05___CarouselEffectUITests.swift"; sourceTree = "<group>"; };
		DFC198951DE7F07200459236 /* Info.plist */ = {isa = PBXFileReference; lastKnownFileType = text.plist.xml; path = Info.plist; sourceTree = "<group>"; };
		DFC198A11DE7FEAF00459236 /* JokeCell.swift */ = {isa = PBXFileReference; fileEncoding = 4; lastKnownFileType = sourcecode.swift; path = JokeCell.swift; sourceTree = "<group>"; };
		DFC198A31DE7FEBF00459236 /* JokeItem.swift */ = {isa = PBXFileReference; fileEncoding = 4; lastKnownFileType = sourcecode.swift; path = JokeItem.swift; sourceTree = "<group>"; };
/* End PBXFileReference section */

/* Begin PBXFrameworksBuildPhase section */
		DFC1986D1DE7F07200459236 /* Frameworks */ = {
			isa = PBXFrameworksBuildPhase;
			buildActionMask = 2147483647;
			files = (
			);
			runOnlyForDeploymentPostprocessing = 0;
		};
		DFC198811DE7F07200459236 /* Frameworks */ = {
			isa = PBXFrameworksBuildPhase;
			buildActionMask = 2147483647;
			files = (
			);
			runOnlyForDeploymentPostprocessing = 0;
		};
		DFC1988C1DE7F07200459236 /* Frameworks */ = {
			isa = PBXFrameworksBuildPhase;
			buildActionMask = 2147483647;
			files = (
			);
			runOnlyForDeploymentPostprocessing = 0;
		};
/* End PBXFrameworksBuildPhase section */

/* Begin PBXGroup section */
		DFC198671DE7F07100459236 = {
			isa = PBXGroup;
			children = (
				DFC198721DE7F07200459236 /* CarouselEffect */,
				DFC198871DE7F07200459236 /* CarouselEffectTests */,
				DFC198921DE7F07200459236 /* CarouselEffectUITests */,
				DFC198711DE7F07200459236 /* Products */,
			);
			sourceTree = "<group>";
		};
		DFC198711DE7F07200459236 /* Products */ = {
			isa = PBXGroup;
			children = (
				DFC198701DE7F07200459236 /* CarouselEffect.app */,
				DFC198841DE7F07200459236 /* CarouselEffectTests.xctest */,
				DFC1988F1DE7F07200459236 /* CarouselEffectUITests.xctest */,
			);
			name = Products;
			sourceTree = "<group>";
		};
		DFC198721DE7F07200459236 /* CarouselEffect */ = {
			isa = PBXGroup;
			children = (
				DFC198731DE7F07200459236 /* AppDelegate.swift */,
				DFC198751DE7F07200459236 /* MasterViewController.swift */,
				DFC198A11DE7FEAF00459236 /* JokeCell.swift */,
				DFC198A31DE7FEBF00459236 /* JokeItem.swift */,
				DFC198771DE7F07200459236 /* Main.storyboard */,
				DFC1987A1DE7F07200459236 /* Assets.xcassets */,
				DFC1987C1DE7F07200459236 /* LaunchScreen.storyboard */,
				DFC1987F1DE7F07200459236 /* Info.plist */,
			);
			name = CarouselEffect;
			path = "Project 05 - CarouselEffect";
			sourceTree = "<group>";
		};
		DFC198871DE7F07200459236 /* CarouselEffectTests */ = {
			isa = PBXGroup;
			children = (
				DFC198881DE7F07200459236 /* Project_05___CarouselEffectTests.swift */,
				DFC1988A1DE7F07200459236 /* Info.plist */,
			);
			name = CarouselEffectTests;
			path = "Project 05 - CarouselEffectTests";
			sourceTree = "<group>";
		};
		DFC198921DE7F07200459236 /* CarouselEffectUITests */ = {
			isa = PBXGroup;
			children = (
				DFC198931DE7F07200459236 /* Project_05___CarouselEffectUITests.swift */,
				DFC198951DE7F07200459236 /* Info.plist */,
			);
			name = CarouselEffectUITests;
			path = "Project 05 - CarouselEffectUITests";
			sourceTree = "<group>";
		};
/* End PBXGroup section */

/* Begin PBXNativeTarget section */
		DFC1986F1DE7F07200459236 /* CarouselEffect */ = {
			isa = PBXNativeTarget;
			buildConfigurationList = DFC198981DE7F07200459236 /* Build configuration list for PBXNativeTarget "CarouselEffect" */;
			buildPhases = (
				DFC1986C1DE7F07200459236 /* Sources */,
				DFC1986D1DE7F07200459236 /* Frameworks */,
				DFC1986E1DE7F07200459236 /* Resources */,
			);
			buildRules = (
			);
			dependencies = (
			);
			name = CarouselEffect;
			productName = "Project 05 - CarouselEffect";
			productReference = DFC198701DE7F07200459236 /* CarouselEffect.app */;
			productType = "com.apple.product-type.application";
		};
		DFC198831DE7F07200459236 /* CarouselEffectTests */ = {
			isa = PBXNativeTarget;
			buildConfigurationList = DFC1989B1DE7F07200459236 /* Build configuration list for PBXNativeTarget "CarouselEffectTests" */;
			buildPhases = (
				DFC198801DE7F07200459236 /* Sources */,
				DFC198811DE7F07200459236 /* Frameworks */,
				DFC198821DE7F07200459236 /* Resources */,
			);
			buildRules = (
			);
			dependencies = (
				DFC198861DE7F07200459236 /* PBXTargetDependency */,
			);
			name = CarouselEffectTests;
			productName = "Project 05 - CarouselEffectTests";
			productReference = DFC198841DE7F07200459236 /* CarouselEffectTests.xctest */;
			productType = "com.apple.product-type.bundle.unit-test";
		};
		DFC1988E1DE7F07200459236 /* CarouselEffectUITests */ = {
			isa = PBXNativeTarget;
			buildConfigurationList = DFC1989E1DE7F07200459236 /* Build configuration list for PBXNativeTarget "CarouselEffectUITests" */;
			buildPhases = (
				DFC1988B1DE7F07200459236 /* Sources */,
				DFC1988C1DE7F07200459236 /* Frameworks */,
				DFC1988D1DE7F07200459236 /* Resources */,
			);
			buildRules = (
			);
			dependencies = (
				DFC198911DE7F07200459236 /* PBXTargetDependency */,
			);
			name = CarouselEffectUITests;
			productName = "Project 05 - CarouselEffectUITests";
			productReference = DFC1988F1DE7F07200459236 /* CarouselEffectUITests.xctest */;
			productType = "com.apple.product-type.bundle.ui-testing";
		};
/* End PBXNativeTarget section */

/* Begin PBXProject section */
		DFC198681DE7F07100459236 /* Project object */ = {
			isa = PBXProject;
			attributes = {
				LastSwiftUpdateCheck = 0800;
				LastUpgradeCheck = 0800;
				ORGANIZATIONNAME = com.Boolan;
				TargetAttributes = {
					DFC1986F1DE7F07200459236 = {
						CreatedOnToolsVersion = 8.0;
						DevelopmentTeam = 5F86ZD4GLF;
						ProvisioningStyle = Automatic;
					};
					DFC198831DE7F07200459236 = {
						CreatedOnToolsVersion = 8.0;
						DevelopmentTeam = 5F86ZD4GLF;
						ProvisioningStyle = Automatic;
						TestTargetID = DFC1986F1DE7F07200459236;
					};
					DFC1988E1DE7F07200459236 = {
						CreatedOnToolsVersion = 8.0;
						DevelopmentTeam = 5F86ZD4GLF;
						ProvisioningStyle = Automatic;
						TestTargetID = DFC1986F1DE7F07200459236;
					};
				};
			};
			buildConfigurationList = DFC1986B1DE7F07100459236 /* Build configuration list for PBXProject "CarouselEffect" */;
			compatibilityVersion = "Xcode 3.2";
			developmentRegion = English;
			hasScannedForEncodings = 0;
			knownRegions = (
				en,
				Base,
			);
			mainGroup = DFC198671DE7F07100459236;
			productRefGroup = DFC198711DE7F07200459236 /* Products */;
			projectDirPath = "";
			projectRoot = "";
			targets = (
				DFC1986F1DE7F07200459236 /* CarouselEffect */,
				DFC198831DE7F07200459236 /* CarouselEffectTests */,
				DFC1988E1DE7F07200459236 /* CarouselEffectUITests */,
			);
		};
/* End PBXProject section */

/* Begin PBXResourcesBuildPhase section */
		DFC1986E1DE7F07200459236 /* Resources */ = {
			isa = PBXResourcesBuildPhase;
			buildActionMask = 2147483647;
			files = (
				DFC1987E1DE7F07200459236 /* LaunchScreen.storyboard in Resources */,
				DFC1987B1DE7F07200459236 /* Assets.xcassets in Resources */,
				DFC198791DE7F07200459236 /* Main.storyboard in Resources */,
			);
			runOnlyForDeploymentPostprocessing = 0;
		};
		DFC198821DE7F07200459236 /* Resources */ = {
			isa = PBXResourcesBuildPhase;
			buildActionMask = 2147483647;
			files = (
			);
			runOnlyForDeploymentPostprocessing = 0;
		};
		DFC1988D1DE7F07200459236 /* Resources */ = {
			isa = PBXResourcesBuildPhase;
			buildActionMask = 2147483647;
			files = (
			);
			runOnlyForDeploymentPostprocessing = 0;
		};
/* End PBXResourcesBuildPhase section */

/* Begin PBXSourcesBuildPhase section */
		DFC1986C1DE7F07200459236 /* Sources */ = {
			isa = PBXSourcesBuildPhase;
			buildActionMask = 2147483647;
			files = (
				DFC198761DE7F07200459236 /* MasterViewController.swift in Sources */,
				DFC198A41DE7FEBF00459236 /* JokeItem.swift in Sources */,
				DFC198741DE7F07200459236 /* AppDelegate.swift in Sources */,
				DFC198A21DE7FEAF00459236 /* JokeCell.swift in Sources */,
			);
			runOnlyForDeploymentPostprocessing = 0;
		};
		DFC198801DE7F07200459236 /* Sources */ = {
			isa = PBXSourcesBuildPhase;
			buildActionMask = 2147483647;
			files = (
				DFC198891DE7F07200459236 /* Project_05___CarouselEffectTests.swift in Sources */,
			);
			runOnlyForDeploymentPostprocessing = 0;
		};
		DFC1988B1DE7F07200459236 /* Sources */ = {
			isa = PBXSourcesBuildPhase;
			buildActionMask = 2147483647;
			files = (
				DFC198941DE7F07200459236 /* Project_05___CarouselEffectUITests.swift in Sources */,
			);
			runOnlyForDeploymentPostprocessing = 0;
		};
/* End PBXSourcesBuildPhase section */

/* Begin PBXTargetDependency section */
		DFC198861DE7F07200459236 /* PBXTargetDependency */ = {
			isa = PBXTargetDependency;
			target = DFC1986F1DE7F07200459236 /* CarouselEffect */;
			targetProxy = DFC198851DE7F07200459236 /* PBXContainerItemProxy */;
		};
		DFC198911DE7F07200459236 /* PBXTargetDependency */ = {
			isa = PBXTargetDependency;
			target = DFC1986F1DE7F07200459236 /* CarouselEffect */;
			targetProxy = DFC198901DE7F07200459236 /* PBXContainerItemProxy */;
		};
/* End PBXTargetDependency section */

/* Begin PBXVariantGroup section */
		DFC198771DE7F07200459236 /* Main.storyboard */ = {
			isa = PBXVariantGroup;
			children = (
				DFC198781DE7F07200459236 /* Base */,
			);
			name = Main.storyboard;
			sourceTree = "<group>";
		};
		DFC1987C1DE7F07200459236 /* LaunchScreen.storyboard */ = {
			isa = PBXVariantGroup;
			children = (
				DFC1987D1DE7F07200459236 /* Base */,
			);
			name = LaunchScreen.storyboard;
			sourceTree = "<group>";
		};
/* End PBXVariantGroup section */

/* Begin XCBuildConfiguration section */
		DFC198961DE7F07200459236 /* Debug */ = {
			isa = XCBuildConfiguration;
			buildSettings = {
				ALWAYS_SEARCH_USER_PATHS = NO;
				CLANG_ANALYZER_NONNULL = YES;
				CLANG_CXX_LANGUAGE_STANDARD = "gnu++0x";
				CLANG_CXX_LIBRARY = "libc++";
				CLANG_ENABLE_MODULES = YES;
				CLANG_ENABLE_OBJC_ARC = YES;
				CLANG_WARN_BOOL_CONVERSION = YES;
				CLANG_WARN_CONSTANT_CONVERSION = YES;
				CLANG_WARN_DIRECT_OBJC_ISA_USAGE = YES_ERROR;
				CLANG_WARN_DOCUMENTATION_COMMENTS = YES;
				CLANG_WARN_EMPTY_BODY = YES;
				CLANG_WARN_ENUM_CONVERSION = YES;
				CLANG_WARN_INFINITE_RECURSION = YES;
				CLANG_WARN_INT_CONVERSION = YES;
				CLANG_WARN_OBJC_ROOT_CLASS = YES_ERROR;
				CLANG_WARN_SUSPICIOUS_MOVES = YES;
				CLANG_WARN_UNREACHABLE_CODE = YES;
				CLANG_WARN__DUPLICATE_METHOD_MATCH = YES;
				"CODE_SIGN_IDENTITY[sdk=iphoneos*]" = "iPhone Developer";
				COPY_PHASE_STRIP = NO;
				DEBUG_INFORMATION_FORMAT = dwarf;
				ENABLE_STRICT_OBJC_MSGSEND = YES;
				ENABLE_TESTABILITY = YES;
				GCC_C_LANGUAGE_STANDARD = gnu99;
				GCC_DYNAMIC_NO_PIC = NO;
				GCC_NO_COMMON_BLOCKS = YES;
				GCC_OPTIMIZATION_LEVEL = 0;
				GCC_PREPROCESSOR_DEFINITIONS = (
					"DEBUG=1",
					"$(inherited)",
				);
				GCC_WARN_64_TO_32_BIT_CONVERSION = YES;
				GCC_WARN_ABOUT_RETURN_TYPE = YES_ERROR;
				GCC_WARN_UNDECLARED_SELECTOR = YES;
				GCC_WARN_UNINITIALIZED_AUTOS = YES_AGGRESSIVE;
				GCC_WARN_UNUSED_FUNCTION = YES;
				GCC_WARN_UNUSED_VARIABLE = YES;
				IPHONEOS_DEPLOYMENT_TARGET = 10.0;
				MTL_ENABLE_DEBUG_INFO = YES;
				ONLY_ACTIVE_ARCH = YES;
				SDKROOT = iphoneos;
				SWIFT_ACTIVE_COMPILATION_CONDITIONS = DEBUG;
				SWIFT_OPTIMIZATION_LEVEL = "-Onone";
			};
			name = Debug;
		};
		DFC198971DE7F07200459236 /* Release */ = {
			isa = XCBuildConfiguration;
			buildSettings = {
				ALWAYS_SEARCH_USER_PATHS = NO;
				CLANG_ANALYZER_NONNULL = YES;
				CLANG_CXX_LANGUAGE_STANDARD = "gnu++0x";
				CLANG_CXX_LIBRARY = "libc++";
				CLANG_ENABLE_MODULES = YES;
				CLANG_ENABLE_OBJC_ARC = YES;
				CLANG_WARN_BOOL_CONVERSION = YES;
				CLANG_WARN_CONSTANT_CONVERSION = YES;
				CLANG_WARN_DIRECT_OBJC_ISA_USAGE = YES_ERROR;
				CLANG_WARN_DOCUMENTATION_COMMENTS = YES;
				CLANG_WARN_EMPTY_BODY = YES;
				CLANG_WARN_ENUM_CONVERSION = YES;
				CLANG_WARN_INFINITE_RECURSION = YES;
				CLANG_WARN_INT_CONVERSION = YES;
				CLANG_WARN_OBJC_ROOT_CLASS = YES_ERROR;
				CLANG_WARN_SUSPICIOUS_MOVES = YES;
				CLANG_WARN_UNREACHABLE_CODE = YES;
				CLANG_WARN__DUPLICATE_METHOD_MATCH = YES;
				"CODE_SIGN_IDENTITY[sdk=iphoneos*]" = "iPhone Developer";
				COPY_PHASE_STRIP = NO;
				DEBUG_INFORMATION_FORMAT = "dwarf-with-dsym";
				ENABLE_NS_ASSERTIONS = NO;
				ENABLE_STRICT_OBJC_MSGSEND = YES;
				GCC_C_LANGUAGE_STANDARD = gnu99;
				GCC_NO_COMMON_BLOCKS = YES;
				GCC_WARN_64_TO_32_BIT_CONVERSION = YES;
				GCC_WARN_ABOUT_RETURN_TYPE = YES_ERROR;
				GCC_WARN_UNDECLARED_SELECTOR = YES;
				GCC_WARN_UNINITIALIZED_AUTOS = YES_AGGRESSIVE;
				GCC_WARN_UNUSED_FUNCTION = YES;
				GCC_WARN_UNUSED_VARIABLE = YES;
				IPHONEOS_DEPLOYMENT_TARGET = 10.0;
				MTL_ENABLE_DEBUG_INFO = NO;
				SDKROOT = iphoneos;
				SWIFT_OPTIMIZATION_LEVEL = "-Owholemodule";
				VALIDATE_PRODUCT = YES;
			};
			name = Release;
		};
		DFC198991DE7F07200459236 /* Debug */ = {
			isa = XCBuildConfiguration;
			buildSettings = {
				ASSETCATALOG_COMPILER_APPICON_NAME = AppIcon;
				DEVELOPMENT_TEAM = 5F86ZD4GLF;
				INFOPLIST_FILE = "Project 05 - CarouselEffect/Info.plist";
				LD_RUNPATH_SEARCH_PATHS = "$(inherited) @executable_path/Frameworks";
				PRODUCT_BUNDLE_IDENTIFIER = "com.Boolan.Project-05---CarouselEffect";
				PRODUCT_NAME = "$(TARGET_NAME)";
				SWIFT_VERSION = 3.0;
			};
			name = Debug;
		};
		DFC1989A1DE7F07200459236 /* Release */ = {
			isa = XCBuildConfiguration;
			buildSettings = {
				ASSETCATALOG_COMPILER_APPICON_NAME = AppIcon;
				DEVELOPMENT_TEAM = 5F86ZD4GLF;
				INFOPLIST_FILE = "Project 05 - CarouselEffect/Info.plist";
				LD_RUNPATH_SEARCH_PATHS = "$(inherited) @executable_path/Frameworks";
				PRODUCT_BUNDLE_IDENTIFIER = "com.Boolan.Project-05---CarouselEffect";
				PRODUCT_NAME = "$(TARGET_NAME)";
				SWIFT_VERSION = 3.0;
			};
			name = Release;
		};
		DFC1989C1DE7F07200459236 /* Debug */ = {
			isa = XCBuildConfiguration;
			buildSettings = {
				ALWAYS_EMBED_SWIFT_STANDARD_LIBRARIES = YES;
				BUNDLE_LOADER = "$(TEST_HOST)";
				DEVELOPMENT_TEAM = 5F86ZD4GLF;
				INFOPLIST_FILE = "Project 05 - CarouselEffectTests/Info.plist";
				LD_RUNPATH_SEARCH_PATHS = "$(inherited) @executable_path/Frameworks @loader_path/Frameworks";
				PRODUCT_BUNDLE_IDENTIFIER = "com.Boolan.Project-05---CarouselEffectTests";
				PRODUCT_NAME = "$(TARGET_NAME)";
				SWIFT_VERSION = 3.0;
				TEST_HOST = "$(BUILT_PRODUCTS_DIR)/CarouselEffect.app/CarouselEffect";
			};
			name = Debug;
		};
		DFC1989D1DE7F07200459236 /* Release */ = {
			isa = XCBuildConfiguration;
			buildSettings = {
				ALWAYS_EMBED_SWIFT_STANDARD_LIBRARIES = YES;
				BUNDLE_LOADER = "$(TEST_HOST)";
				DEVELOPMENT_TEAM = 5F86ZD4GLF;
				INFOPLIST_FILE = "Project 05 - CarouselEffectTests/Info.plist";
				LD_RUNPATH_SEARCH_PATHS = "$(inherited) @executable_path/Frameworks @loader_path/Frameworks";
				PRODUCT_BUNDLE_IDENTIFIER = "com.Boolan.Project-05---CarouselEffectTests";
				PRODUCT_NAME = "$(TARGET_NAME)";
				SWIFT_VERSION = 3.0;
				TEST_HOST = "$(BUILT_PRODUCTS_DIR)/CarouselEffect.app/CarouselEffect";
			};
			name = Release;
		};
		DFC1989F1DE7F07200459236 /* Debug */ = {
			isa = XCBuildConfiguration;
			buildSettings = {
				ALWAYS_EMBED_SWIFT_STANDARD_LIBRARIES = YES;
				DEVELOPMENT_TEAM = 5F86ZD4GLF;
				INFOPLIST_FILE = "Project 05 - CarouselEffectUITests/Info.plist";
				LD_RUNPATH_SEARCH_PATHS = "$(inherited) @executable_path/Frameworks @loader_path/Frameworks";
				PRODUCT_BUNDLE_IDENTIFIER = "com.Boolan.Project-05---CarouselEffectUITests";
				PRODUCT_NAME = "$(TARGET_NAME)";
				SWIFT_VERSION = 3.0;
				TEST_TARGET_NAME = "Project 05 - CarouselEffect";
			};
			name = Debug;
		};
		DFC198A01DE7F07200459236 /* Release */ = {
			isa = XCBuildConfiguration;
			buildSettings = {
				ALWAYS_EMBED_SWIFT_STANDARD_LIBRARIES = YES;
				DEVELOPMENT_TEAM = 5F86ZD4GLF;
				INFOPLIST_FILE = "Project 05 - CarouselEffectUITests/Info.plist";
				LD_RUNPATH_SEARCH_PATHS = "$(inherited) @executable_path/Frameworks @loader_path/Frameworks";
				PRODUCT_BUNDLE_IDENTIFIER = "com.Boolan.Project-05---CarouselEffectUITests";
				PRODUCT_NAME = "$(TARGET_NAME)";
				SWIFT_VERSION = 3.0;
				TEST_TARGET_NAME = "Project 05 - CarouselEffect";
			};
			name = Release;
		};
/* End XCBuildConfiguration section */

/* Begin XCConfigurationList section */
		DFC1986B1DE7F07100459236 /* Build configuration list for PBXProject "CarouselEffect" */ = {
			isa = XCConfigurationList;
			buildConfigurations = (
				DFC198961DE7F07200459236 /* Debug */,
				DFC198971DE7F07200459236 /* Release */,
			);
			defaultConfigurationIsVisible = 0;
			defaultConfigurationName = Release;
		};
		DFC198981DE7F07200459236 /* Build configuration list for PBXNativeTarget "CarouselEffect" */ = {
			isa = XCConfigurationList;
			buildConfigurations = (
				DFC198991DE7F07200459236 /* Debug */,
				DFC1989A1DE7F07200459236 /* Release */,
			);
			defaultConfigurationIsVisible = 0;
			defaultConfigurationName = Release;
		};
		DFC1989B1DE7F07200459236 /* Build configuration list for PBXNativeTarget "CarouselEffectTests" */ = {
			isa = XCConfigurationList;
			buildConfigurations = (
				DFC1989C1DE7F07200459236 /* Debug */,
				DFC1989D1DE7F07200459236 /* Release */,
			);
			defaultConfigurationIsVisible = 0;
			defaultConfigurationName = Release;
		};
		DFC1989E1DE7F07200459236 /* Build configuration list for PBXNativeTarget "CarouselEffectUITests" */ = {
			isa = XCConfigurationList;
			buildConfigurations = (
				DFC1989F1DE7F07200459236 /* Debug */,
				DFC198A01DE7F07200459236 /* Release */,
			);
			defaultConfigurationIsVisible = 0;
			defaultConfigurationName = Release;
		};
/* End XCConfigurationList section */
	};
	rootObject = DFC198681DE7F07100459236 /* Project object */;
}
