// !$*UTF8*$!
{
	archiveVersion = 1;
	classes = {
	};
	objectVersion = 46;
	objects = {

/* Begin PBXBuildFile section */
		8BC5309E1DEB1A200080E434 /* AppDelegate.swift in Sources */ = {isa = PBXBuildFile; fileRef = 8BC5309D1DEB1A200080E434 /* AppDelegate.swift */; };
		8BC530A01DEB1A200080E434 /* ViewController.swift in Sources */ = {isa = PBXBuildFile; fileRef = 8BC5309F1DEB1A200080E434 /* ViewController.swift */; };
		8BC530A31DEB1A200080E434 /* Main.storyboard in Resources */ = {isa = PBXBuildFile; fileRef = 8BC530A11DEB1A200080E434 /* Main.storyboard */; };
		8BC530A51DEB1A200080E434 /* Assets.xcassets in Resources */ = {isa = PBXBuildFile; fileRef = 8BC530A41DEB1A200080E434 /* Assets.xcassets */; };
		8BC530A81DEB1A200080E434 /* LaunchScreen.storyboard in Resources */ = {isa = PBXBuildFile; fileRef = 8BC530A61DEB1A200080E434 /* LaunchScreen.storyboard */; };
		8BC530B01DEB1BEE0080E434 /* Ecstasy.mp3 in Resources */ = {isa = PBXBuildFile; fileRef = 8BC530AF1DEB1BEE0080E434 /* Ecstasy.mp3 */; };
/* End PBXBuildFile section */

/* Begin PBXFileReference section */
		8BC5309A1DEB1A200080E434 /* RandomColorization.app */ = {isa = PBXFileReference; explicitFileType = wrapper.application; includeInIndex = 0; path = RandomColorization.app; sourceTree = BUILT_PRODUCTS_DIR; };
		8BC5309D1DEB1A200080E434 /* AppDelegate.swift */ = {isa = PBXFileReference; lastKnownFileType = sourcecode.swift; path = AppDelegate.swift; sourceTree = "<group>"; };
		8BC5309F1DEB1A200080E434 /* ViewController.swift */ = {isa = PBXFileReference; lastKnownFileType = sourcecode.swift; path = ViewController.swift; sourceTree = "<group>"; };
		8BC530A21DEB1A200080E434 /* Base */ = {isa = PBXFileReference; lastKnownFileType = file.storyboard; name = Base; path = Base.lproj/Main.storyboard; sourceTree = "<group>"; };
		8BC530A41DEB1A200080E434 /* Assets.xcassets */ = {isa = PBXFileReference; lastKnownFileType = folder.assetcatalog; path = Assets.xcassets; sourceTree = "<group>"; };
		8BC530A71DEB1A200080E434 /* Base */ = {isa = PBXFileReference; lastKnownFileType = file.storyboard; name = Base; path = Base.lproj/LaunchScreen.storyboard; sourceTree = "<group>"; };
		8BC530A91DEB1A200080E434 /* Info.plist */ = {isa = PBXFileReference; lastKnownFileType = text.plist.xml; path = Info.plist; sourceTree = "<group>"; };
		8BC530AF1DEB1BEE0080E434 /* Ecstasy.mp3 */ = {isa = PBXFileReference; lastKnownFileType = audio.mp3; path = Ecstasy.mp3; sourceTree = "<group>"; };
/* End PBXFileReference section */

/* Begin PBXFrameworksBuildPhase section */
		8BC530971DEB1A200080E434 /* Frameworks */ = {
			isa = PBXFrameworksBuildPhase;
			buildActionMask = 2147483647;
			files = (
			);
			runOnlyForDeploymentPostprocessing = 0;
		};
/* End PBXFrameworksBuildPhase section */

/* Begin PBXGroup section */
		8BC530911DEB1A200080E434 = {
			isa = PBXGroup;
			children = (
				8BC5309C1DEB1A200080E434 /* RandomColorization */,
				8BC5309B1DEB1A200080E434 /* Products */,
			);
			sourceTree = "<group>";
		};
		8BC5309B1DEB1A200080E434 /* Products */ = {
			isa = PBXGroup;
			children = (
				8BC5309A1DEB1A200080E434 /* RandomColorization.app */,
			);
			name = Products;
			sourceTree = "<group>";
		};
		8BC5309C1DEB1A200080E434 /* RandomColorization */ = {
			isa = PBXGroup;
			children = (
				8BC5309F1DEB1A200080E434 /* ViewController.swift */,
				8BC530A11DEB1A200080E434 /* Main.storyboard */,
				8BC530B11DEB1BFD0080E434 /* Support Files */,
			);
			path = RandomColorization;
			sourceTree = "<group>";
		};
		8BC530B11DEB1BFD0080E434 /* Support Files */ = {
			isa = PBXGroup;
			children = (
				8BC5309D1DEB1A200080E434 /* AppDelegate.swift */,
				8BC530A41DEB1A200080E434 /* Assets.xcassets */,
				8BC530AF1DEB1BEE0080E434 /* Ecstasy.mp3 */,
				8BC530A61DEB1A200080E434 /* LaunchScreen.storyboard */,
				8BC530A91DEB1A200080E434 /* Info.plist */,
			);
			name = "Support Files";
			sourceTree = "<group>";
		};
/* End PBXGroup section */

/* Begin PBXNativeTarget section */
		8BC530991DEB1A200080E434 /* RandomColorization */ = {
			isa = PBXNativeTarget;
			buildConfigurationList = 8BC530AC1DEB1A200080E434 /* Build configuration list for PBXNativeTarget "RandomColorization" */;
			buildPhases = (
				8BC530961DEB1A200080E434 /* Sources */,
				8BC530971DEB1A200080E434 /* Frameworks */,
				8BC530981DEB1A200080E434 /* Resources */,
			);
			buildRules = (
			);
			dependencies = (
			);
			name = RandomColorization;
			productName = RandomColorization;
			productReference = 8BC5309A1DEB1A200080E434 /* RandomColorization.app */;
			productType = "com.apple.product-type.application";
		};
/* End PBXNativeTarget section */

/* Begin PBXProject section */
		8BC530921DEB1A200080E434 /* Project object */ = {
			isa = PBXProject;
			attributes = {
				LastSwiftUpdateCheck = 0800;
				LastUpgradeCheck = 0800;
				ORGANIZATIONNAME = daemon;
				TargetAttributes = {
					8BC530991DEB1A200080E434 = {
						CreatedOnToolsVersion = 8.0;
						ProvisioningStyle = Automatic;
					};
				};
			};
			buildConfigurationList = 8BC530951DEB1A200080E434 /* Build configuration list for PBXProject "RandomColorization" */;
			compatibilityVersion = "Xcode 3.2";
			developmentRegion = English;
			hasScannedForEncodings = 0;
			knownRegions = (
				en,
				Base,
			);
			mainGroup = 8BC530911DEB1A200080E434;
			productRefGroup = 8BC5309B1DEB1A200080E434 /* Products */;
			projectDirPath = "";
			projectRoot = "";
			targets = (
				8BC530991DEB1A200080E434 /* RandomColorization */,
			);
		};
/* End PBXProject section */

/* Begin PBXResourcesBuildPhase section */
		8BC530981DEB1A200080E434 /* Resources */ = {
			isa = PBXResourcesBuildPhase;
			buildActionMask = 2147483647;
			files = (
				8BC530A81DEB1A200080E434 /* LaunchScreen.storyboard in Resources */,
				8BC530B01DEB1BEE0080E434 /* Ecstasy.mp3 in Resources */,
				8BC530A51DEB1A200080E434 /* Assets.xcassets in Resources */,
				8BC530A31DEB1A200080E434 /* Main.storyboard in Resources */,
			);
			runOnlyForDeploymentPostprocessing = 0;
		};
/* End PBXResourcesBuildPhase section */

/* Begin PBXSourcesBuildPhase section */
		8BC530961DEB1A200080E434 /* Sources */ = {
			isa = PBXSourcesBuildPhase;
			buildActionMask = 2147483647;
			files = (
				8BC530A01DEB1A200080E434 /* ViewController.swift in Sources */,
				8BC5309E1DEB1A200080E434 /* AppDelegate.swift in Sources */,
			);
			runOnlyForDeploymentPostprocessing = 0;
		};
/* End PBXSourcesBuildPhase section */

/* Begin PBXVariantGroup section */
		8BC530A11DEB1A200080E434 /* Main.storyboard */ = {
			isa = PBXVariantGroup;
			children = (
				8BC530A21DEB1A200080E434 /* Base */,
			);
			name = Main.storyboard;
			sourceTree = "<group>";
		};
		8BC530A61DEB1A200080E434 /* LaunchScreen.storyboard */ = {
			isa = PBXVariantGroup;
			children = (
				8BC530A71DEB1A200080E434 /* Base */,
			);
			name = LaunchScreen.storyboard;
			sourceTree = "<group>";
		};
/* End PBXVariantGroup section */

/* Begin XCBuildConfiguration section */
		8BC530AA1DEB1A200080E434 /* Debug */ = {
			isa = XCBuildConfiguration;
			buildSettings = {
				ALWAYS_SEARCH_USER_PATHS = NO;
				CLANG_ANALYZER_NONNULL = YES;
				CLANG_CXX_LANGUAGE_STANDARD = "gnu++0x";
				CLANG_CXX_LIBRARY = "libc++";
				CLANG_ENABLE_MODULES = YES;
				CLANG_ENABLE_OBJC_ARC = YES;
				CLANG_WARN_BOOL_CONVERSION = YES;
				CLANG_WARN_CONSTANT_CONVERSION = YES;
				CLANG_WARN_DIRECT_OBJC_ISA_USAGE = YES_ERROR;
				CLANG_WARN_DOCUMENTATION_COMMENTS = YES;
				CLANG_WARN_EMPTY_BODY = YES;
				CLANG_WARN_ENUM_CONVERSION = YES;
				CLANG_WARN_INFINITE_RECURSION = YES;
				CLANG_WARN_INT_CONVERSION = YES;
				CLANG_WARN_OBJC_ROOT_CLASS = YES_ERROR;
				CLANG_WARN_SUSPICIOUS_MOVES = YES;
				CLANG_WARN_UNREACHABLE_CODE = YES;
				CLANG_WARN__DUPLICATE_METHOD_MATCH = YES;
				"CODE_SIGN_IDENTITY[sdk=iphoneos*]" = "iPhone Developer";
				COPY_PHASE_STRIP = NO;
				DEBUG_INFORMATION_FORMAT = dwarf;
				ENABLE_STRICT_OBJC_MSGSEND = YES;
				ENABLE_TESTABILITY = YES;
				GCC_C_LANGUAGE_STANDARD = gnu99;
				GCC_DYNAMIC_NO_PIC = NO;
				GCC_NO_COMMON_BLOCKS = YES;
				GCC_OPTIMIZATION_LEVEL = 0;
				GCC_PREPROCESSOR_DEFINITIONS = (
					"DEBUG=1",
					"$(inherited)",
				);
				GCC_WARN_64_TO_32_BIT_CONVERSION = YES;
				GCC_WARN_ABOUT_RETURN_TYPE = YES_ERROR;
				GCC_WARN_UNDECLARED_SELECTOR = YES;
				GCC_WARN_UNINITIALIZED_AUTOS = YES_AGGRESSIVE;
				GCC_WARN_UNUSED_FUNCTION = YES;
				GCC_WARN_UNUSED_VARIABLE = YES;
				IPHONEOS_DEPLOYMENT_TARGET = 10.0;
				MTL_ENABLE_DEBUG_INFO = YES;
				ONLY_ACTIVE_ARCH = YES;
				SDKROOT = iphoneos;
				SWIFT_ACTIVE_COMPILATION_CONDITIONS = DEBUG;
				SWIFT_OPTIMIZATION_LEVEL = "-Onone";
			};
			name = Debug;
		};
		8BC530AB1DEB1A200080E434 /* Release */ = {
			isa = XCBuildConfiguration;
			buildSettings = {
				ALWAYS_SEARCH_USER_PATHS = NO;
				CLANG_ANALYZER_NONNULL = YES;
				CLANG_CXX_LANGUAGE_STANDARD = "gnu++0x";
				CLANG_CXX_LIBRARY = "libc++";
				CLANG_ENABLE_MODULES = YES;
				CLANG_ENABLE_OBJC_ARC = YES;
				CLANG_WARN_BOOL_CONVERSION = YES;
				CLANG_WARN_CONSTANT_CONVERSION = YES;
				CLANG_WARN_DIRECT_OBJC_ISA_USAGE = YES_ERROR;
				CLANG_WARN_DOCUMENTATION_COMMENTS = YES;
				CLANG_WARN_EMPTY_BODY = YES;
				CLANG_WARN_ENUM_CONVERSION = YES;
				CLANG_WARN_INFINITE_RECURSION = YES;
				CLANG_WARN_INT_CONVERSION = YES;
				CLANG_WARN_OBJC_ROOT_CLASS = YES_ERROR;
				CLANG_WARN_SUSPICIOUS_MOVES = YES;
				CLANG_WARN_UNREACHABLE_CODE = YES;
				CLANG_WARN__DUPLICATE_METHOD_MATCH = YES;
				"CODE_SIGN_IDENTITY[sdk=iphoneos*]" = "iPhone Developer";
				COPY_PHASE_STRIP = NO;
				DEBUG_INFORMATION_FORMAT = "dwarf-with-dsym";
				ENABLE_NS_ASSERTIONS = NO;
				ENABLE_STRICT_OBJC_MSGSEND = YES;
				GCC_C_LANGUAGE_STANDARD = gnu99;
				GCC_NO_COMMON_BLOCKS = YES;
				GCC_WARN_64_TO_32_BIT_CONVERSION = YES;
				GCC_WARN_ABOUT_RETURN_TYPE = YES_ERROR;
				GCC_WARN_UNDECLARED_SELECTOR = YES;
				GCC_WARN_UNINITIALIZED_AUTOS = YES_AGGRESSIVE;
				GCC_WARN_UNUSED_FUNCTION = YES;
				GCC_WARN_UNUSED_VARIABLE = YES;
				IPHONEOS_DEPLOYMENT_TARGET = 10.0;
				MTL_ENABLE_DEBUG_INFO = NO;
				SDKROOT = iphoneos;
				SWIFT_OPTIMIZATION_LEVEL = "-Owholemodule";
				VALIDATE_PRODUCT = YES;
			};
			name = Release;
		};
		8BC530AD1DEB1A200080E434 /* Debug */ = {
			isa = XCBuildConfiguration;
			buildSettings = {
				ASSETCATALOG_COMPILER_APPICON_NAME = AppIcon;
				INFOPLIST_FILE = RandomColorization/Info.plist;
				LD_RUNPATH_SEARCH_PATHS = "$(inherited) @executable_path/Frameworks";
				PRODUCT_BUNDLE_IDENTIFIER = com.daemon.RandomColorization;
				PRODUCT_NAME = "$(TARGET_NAME)";
				SWIFT_VERSION = 3.0;
			};
			name = Debug;
		};
		8BC530AE1DEB1A200080E434 /* Release */ = {
			isa = XCBuildConfiguration;
			buildSettings = {
				ASSETCATALOG_COMPILER_APPICON_NAME = AppIcon;
				INFOPLIST_FILE = RandomColorization/Info.plist;
				LD_RUNPATH_SEARCH_PATHS = "$(inherited) @executable_path/Frameworks";
				PRODUCT_BUNDLE_IDENTIFIER = com.daemon.RandomColorization;
				PRODUCT_NAME = "$(TARGET_NAME)";
				SWIFT_VERSION = 3.0;
			};
			name = Release;
		};
/* End XCBuildConfiguration section */

/* Begin XCConfigurationList section */
		8BC530951DEB1A200080E434 /* Build configuration list for PBXProject "RandomColorization" */ = {
			isa = XCConfigurationList;
			buildConfigurations = (
				8BC530AA1DEB1A200080E434 /* Debug */,
				8BC530AB1DEB1A200080E434 /* Release */,
			);
			defaultConfigurationIsVisible = 0;
			defaultConfigurationName = Release;
		};
		8BC530AC1DEB1A200080E434 /* Build configuration list for PBXNativeTarget "RandomColorization" */ = {
			isa = XCConfigurationList;
			buildConfigurations = (
				8BC530AD1DEB1A200080E434 /* Debug */,
				8BC530AE1DEB1A200080E434 /* Release */,
			);
			defaultConfigurationIsVisible = 0;
		};
/* End XCConfigurationList section */
	};
	rootObject = 8BC530921DEB1A200080E434 /* Project object */;
}
