// !$*UTF8*$!
{
	archiveVersion = 1;
	classes = {
	};
	objectVersion = 46;
	objects = {

/* Begin PBXBuildFile section */
		808489EF1DEBD15400B3C92A /* AppDelegate.swift in Sources */ = {isa = PBXBuildFile; fileRef = 808489EE1DEBD15400B3C92A /* AppDelegate.swift */; };
		808489F11DEBD15400B3C92A /* ViewController.swift in Sources */ = {isa = PBXBuildFile; fileRef = 808489F01DEBD15400B3C92A /* ViewController.swift */; };
		808489F41DEBD15400B3C92A /* Main.storyboard in Resources */ = {isa = PBXBuildFile; fileRef = 808489F21DEBD15400B3C92A /* Main.storyboard */; };
		808489F61DEBD15400B3C92A /* Assets.xcassets in Resources */ = {isa = PBXBuildFile; fileRef = 808489F51DEBD15400B3C92A /* Assets.xcassets */; };
		808489F91DEBD15400B3C92A /* LaunchScreen.storyboard in Resources */ = {isa = PBXBuildFile; fileRef = 808489F71DEBD15400B3C92A /* LaunchScreen.storyboard */; };
		80848A011DEC51C800B3C92A /* moments.mp4 in Resources */ = {isa = PBXBuildFile; fileRef = 80848A001DEC51C800B3C92A /* moments.mp4 */; };
/* End PBXBuildFile section */

/* Begin PBXFileReference section */
		8049F9281DEC5BE400D8BDE9 /* AVFoundation.framework */ = {isa = PBXFileReference; lastKnownFileType = wrapper.framework; name = AVFoundation.framework; path = System/Library/Frameworks/AVFoundation.framework; sourceTree = SDKROOT; };
		808489EB1DEBD15400B3C92A /* SpotifyVideoBackground.app */ = {isa = PBXFileReference; explicitFileType = wrapper.application; includeInIndex = 0; path = SpotifyVideoBackground.app; sourceTree = BUILT_PRODUCTS_DIR; };
		808489EE1DEBD15400B3C92A /* AppDelegate.swift */ = {isa = PBXFileReference; lastKnownFileType = sourcecode.swift; path = AppDelegate.swift; sourceTree = "<group>"; };
		808489F01DEBD15400B3C92A /* ViewController.swift */ = {isa = PBXFileReference; lastKnownFileType = sourcecode.swift; path = ViewController.swift; sourceTree = "<group>"; };
		808489F31DEBD15400B3C92A /* Base */ = {isa = PBXFileReference; lastKnownFileType = file.storyboard; name = Base; path = Base.lproj/Main.storyboard; sourceTree = "<group>"; };
		808489F51DEBD15400B3C92A /* Assets.xcassets */ = {isa = PBXFileReference; lastKnownFileType = folder.assetcatalog; path = Assets.xcassets; sourceTree = "<group>"; };
		808489F81DEBD15400B3C92A /* Base */ = {isa = PBXFileReference; lastKnownFileType = file.storyboard; name = Base; path = Base.lproj/LaunchScreen.storyboard; sourceTree = "<group>"; };
		808489FA1DEBD15400B3C92A /* Info.plist */ = {isa = PBXFileReference; lastKnownFileType = text.plist.xml; path = Info.plist; sourceTree = "<group>"; };
		80848A001DEC51C800B3C92A /* moments.mp4 */ = {isa = PBXFileReference; lastKnownFileType = file; name = moments.mp4; path = ../../../../moments.mp4; sourceTree = "<group>"; };
/* End PBXFileReference section */

/* Begin PBXFrameworksBuildPhase section */
		808489E81DEBD15400B3C92A /* Frameworks */ = {
			isa = PBXFrameworksBuildPhase;
			buildActionMask = 2147483647;
			files = (
			);
			runOnlyForDeploymentPostprocessing = 0;
		};
/* End PBXFrameworksBuildPhase section */

/* Begin PBXGroup section */
		8049F9271DEC5BE400D8BDE9 /* Frameworks */ = {
			isa = PBXGroup;
			children = (
				8049F9281DEC5BE400D8BDE9 /* AVFoundation.framework */,
			);
			name = Frameworks;
			sourceTree = "<group>";
		};
		808489E21DEBD15400B3C92A = {
			isa = PBXGroup;
			children = (
				808489ED1DEBD15400B3C92A /* SpotifyVideoBackground */,
				808489EC1DEBD15400B3C92A /* Products */,
				8049F9271DEC5BE400D8BDE9 /* Frameworks */,
			);
			sourceTree = "<group>";
		};
		808489EC1DEBD15400B3C92A /* Products */ = {
			isa = PBXGroup;
			children = (
				808489EB1DEBD15400B3C92A /* SpotifyVideoBackground.app */,
			);
			name = Products;
			sourceTree = "<group>";
		};
		808489ED1DEBD15400B3C92A /* SpotifyVideoBackground */ = {
			isa = PBXGroup;
			children = (
				808489EE1DEBD15400B3C92A /* AppDelegate.swift */,
				808489F01DEBD15400B3C92A /* ViewController.swift */,
				808489F21DEBD15400B3C92A /* Main.storyboard */,
				808489F51DEBD15400B3C92A /* Assets.xcassets */,
				808489F71DEBD15400B3C92A /* LaunchScreen.storyboard */,
				80848A001DEC51C800B3C92A /* moments.mp4 */,
				808489FA1DEBD15400B3C92A /* Info.plist */,
			);
			path = SpotifyVideoBackground;
			sourceTree = "<group>";
		};
/* End PBXGroup section */

/* Begin PBXNativeTarget section */
		808489EA1DEBD15400B3C92A /* SpotifyVideoBackground */ = {
			isa = PBXNativeTarget;
			buildConfigurationList = 808489FD1DEBD15400B3C92A /* Build configuration list for PBXNativeTarget "SpotifyVideoBackground" */;
			buildPhases = (
				808489E71DEBD15400B3C92A /* Sources */,
				808489E81DEBD15400B3C92A /* Frameworks */,
				808489E91DEBD15400B3C92A /* Resources */,
			);
			buildRules = (
			);
			dependencies = (
			);
			name = SpotifyVideoBackground;
			productName = SpotifyVideoBackground;
			productReference = 808489EB1DEBD15400B3C92A /* SpotifyVideoBackground.app */;
			productType = "com.apple.product-type.application";
		};
/* End PBXNativeTarget section */

/* Begin PBXProject section */
		808489E31DEBD15400B3C92A /* Project object */ = {
			isa = PBXProject;
			attributes = {
				LastSwiftUpdateCheck = 0810;
				LastUpgradeCheck = 0810;
				ORGANIZATIONNAME = Jiar;
				TargetAttributes = {
					808489EA1DEBD15400B3C92A = {
						CreatedOnToolsVersion = 8.1;
						DevelopmentTeam = UD5EKJYG38;
						ProvisioningStyle = Automatic;
					};
				};
			};
			buildConfigurationList = 808489E61DEBD15400B3C92A /* Build configuration list for PBXProject "SpotifyVideoBackground" */;
			compatibilityVersion = "Xcode 3.2";
			developmentRegion = English;
			hasScannedForEncodings = 0;
			knownRegions = (
				en,
				Base,
			);
			mainGroup = 808489E21DEBD15400B3C92A;
			productRefGroup = 808489EC1DEBD15400B3C92A /* Products */;
			projectDirPath = "";
			projectRoot = "";
			targets = (
				808489EA1DEBD15400B3C92A /* SpotifyVideoBackground */,
			);
		};
/* End PBXProject section */

/* Begin PBXResourcesBuildPhase section */
		808489E91DEBD15400B3C92A /* Resources */ = {
			isa = PBXResourcesBuildPhase;
			buildActionMask = 2147483647;
			files = (
				808489F91DEBD15400B3C92A /* LaunchScreen.storyboard in Resources */,
				80848A011DEC51C800B3C92A /* moments.mp4 in Resources */,
				808489F61DEBD15400B3C92A /* Assets.xcassets in Resources */,
				808489F41DEBD15400B3C92A /* Main.storyboard in Resources */,
			);
			runOnlyForDeploymentPostprocessing = 0;
		};
/* End PBXResourcesBuildPhase section */

/* Begin PBXSourcesBuildPhase section */
		808489E71DEBD15400B3C92A /* Sources */ = {
			isa = PBXSourcesBuildPhase;
			buildActionMask = 2147483647;
			files = (
				808489F11DEBD15400B3C92A /* ViewController.swift in Sources */,
				808489EF1DEBD15400B3C92A /* AppDelegate.swift in Sources */,
			);
			runOnlyForDeploymentPostprocessing = 0;
		};
/* End PBXSourcesBuildPhase section */

/* Begin PBXVariantGroup section */
		808489F21DEBD15400B3C92A /* Main.storyboard */ = {
			isa = PBXVariantGroup;
			children = (
				808489F31DEBD15400B3C92A /* Base */,
			);
			name = Main.storyboard;
			sourceTree = "<group>";
		};
		808489F71DEBD15400B3C92A /* LaunchScreen.storyboard */ = {
			isa = PBXVariantGroup;
			children = (
				808489F81DEBD15400B3C92A /* Base */,
			);
			name = LaunchScreen.storyboard;
			sourceTree = "<group>";
		};
/* End PBXVariantGroup section */

/* Begin XCBuildConfiguration section */
		808489FB1DEBD15400B3C92A /* Debug */ = {
			isa = XCBuildConfiguration;
			buildSettings = {
				ALWAYS_SEARCH_USER_PATHS = NO;
				CLANG_ANALYZER_NONNULL = YES;
				CLANG_CXX_LANGUAGE_STANDARD = "gnu++0x";
				CLANG_CXX_LIBRARY = "libc++";
				CLANG_ENABLE_MODULES = YES;
				CLANG_ENABLE_OBJC_ARC = YES;
				CLANG_WARN_BOOL_CONVERSION = YES;
				CLANG_WARN_CONSTANT_CONVERSION = YES;
				CLANG_WARN_DIRECT_OBJC_ISA_USAGE = YES_ERROR;
				CLANG_WARN_DOCUMENTATION_COMMENTS = YES;
				CLANG_WARN_EMPTY_BODY = YES;
				CLANG_WARN_ENUM_CONVERSION = YES;
				CLANG_WARN_INFINITE_RECURSION = YES;
				CLANG_WARN_INT_CONVERSION = YES;
				CLANG_WARN_OBJC_ROOT_CLASS = YES_ERROR;
				CLANG_WARN_SUSPICIOUS_MOVES = YES;
				CLANG_WARN_UNREACHABLE_CODE = YES;
				CLANG_WARN__DUPLICATE_METHOD_MATCH = YES;
				"CODE_SIGN_IDENTITY[sdk=iphoneos*]" = "iPhone Developer";
				COPY_PHASE_STRIP = NO;
				DEBUG_INFORMATION_FORMAT = dwarf;
				ENABLE_STRICT_OBJC_MSGSEND = YES;
				ENABLE_TESTABILITY = YES;
				GCC_C_LANGUAGE_STANDARD = gnu99;
				GCC_DYNAMIC_NO_PIC = NO;
				GCC_NO_COMMON_BLOCKS = YES;
				GCC_OPTIMIZATION_LEVEL = 0;
				GCC_PREPROCESSOR_DEFINITIONS = (
					"DEBUG=1",
					"$(inherited)",
				);
				GCC_WARN_64_TO_32_BIT_CONVERSION = YES;
				GCC_WARN_ABOUT_RETURN_TYPE = YES_ERROR;
				GCC_WARN_UNDECLARED_SELECTOR = YES;
				GCC_WARN_UNINITIALIZED_AUTOS = YES_AGGRESSIVE;
				GCC_WARN_UNUSED_FUNCTION = YES;
				GCC_WARN_UNUSED_VARIABLE = YES;
				IPHONEOS_DEPLOYMENT_TARGET = 10.1;
				MTL_ENABLE_DEBUG_INFO = YES;
				ONLY_ACTIVE_ARCH = YES;
				SDKROOT = iphoneos;
				SWIFT_ACTIVE_COMPILATION_CONDITIONS = DEBUG;
				SWIFT_OPTIMIZATION_LEVEL = "-Onone";
				TARGETED_DEVICE_FAMILY = "1,2";
			};
			name = Debug;
		};
		808489FC1DEBD15400B3C92A /* Release */ = {
			isa = XCBuildConfiguration;
			buildSettings = {
				ALWAYS_SEARCH_USER_PATHS = NO;
				CLANG_ANALYZER_NONNULL = YES;
				CLANG_CXX_LANGUAGE_STANDARD = "gnu++0x";
				CLANG_CXX_LIBRARY = "libc++";
				CLANG_ENABLE_MODULES = YES;
				CLANG_ENABLE_OBJC_ARC = YES;
				CLANG_WARN_BOOL_CONVERSION = YES;
				CLANG_WARN_CONSTANT_CONVERSION = YES;
				CLANG_WARN_DIRECT_OBJC_ISA_USAGE = YES_ERROR;
				CLANG_WARN_DOCUMENTATION_COMMENTS = YES;
				CLANG_WARN_EMPTY_BODY = YES;
				CLANG_WARN_ENUM_CONVERSION = YES;
				CLANG_WARN_INFINITE_RECURSION = YES;
				CLANG_WARN_INT_CONVERSION = YES;
				CLANG_WARN_OBJC_ROOT_CLASS = YES_ERROR;
				CLANG_WARN_SUSPICIOUS_MOVES = YES;
				CLANG_WARN_UNREACHABLE_CODE = YES;
				CLANG_WARN__DUPLICATE_METHOD_MATCH = YES;
				"CODE_SIGN_IDENTITY[sdk=iphoneos*]" = "iPhone Developer";
				COPY_PHASE_STRIP = NO;
				DEBUG_INFORMATION_FORMAT = "dwarf-with-dsym";
				ENABLE_NS_ASSERTIONS = NO;
				ENABLE_STRICT_OBJC_MSGSEND = YES;
				GCC_C_LANGUAGE_STANDARD = gnu99;
				GCC_NO_COMMON_BLOCKS = YES;
				GCC_WARN_64_TO_32_BIT_CONVERSION = YES;
				GCC_WARN_ABOUT_RETURN_TYPE = YES_ERROR;
				GCC_WARN_UNDECLARED_SELECTOR = YES;
				GCC_WARN_UNINITIALIZED_AUTOS = YES_AGGRESSIVE;
				GCC_WARN_UNUSED_FUNCTION = YES;
				GCC_WARN_UNUSED_VARIABLE = YES;
				IPHONEOS_DEPLOYMENT_TARGET = 10.1;
				MTL_ENABLE_DEBUG_INFO = NO;
				SDKROOT = iphoneos;
				SWIFT_OPTIMIZATION_LEVEL = "-Owholemodule";
				TARGETED_DEVICE_FAMILY = "1,2";
				VALIDATE_PRODUCT = YES;
			};
			name = Release;
		};
		808489FE1DEBD15400B3C92A /* Debug */ = {
			isa = XCBuildConfiguration;
			buildSettings = {
				ASSETCATALOG_COMPILER_APPICON_NAME = AppIcon;
				DEVELOPMENT_TEAM = UD5EKJYG38;
				INFOPLIST_FILE = SpotifyVideoBackground/Info.plist;
				LD_RUNPATH_SEARCH_PATHS = "$(inherited) @executable_path/Frameworks";
				PRODUCT_BUNDLE_IDENTIFIER = Jiar.SpotifyVideoBackground;
				PRODUCT_NAME = "$(TARGET_NAME)";
				SWIFT_VERSION = 3.0;
			};
			name = Debug;
		};
		808489FF1DEBD15400B3C92A /* Release */ = {
			isa = XCBuildConfiguration;
			buildSettings = {
				ASSETCATALOG_COMPILER_APPICON_NAME = AppIcon;
				DEVELOPMENT_TEAM = UD5EKJYG38;
				INFOPLIST_FILE = SpotifyVideoBackground/Info.plist;
				LD_RUNPATH_SEARCH_PATHS = "$(inherited) @executable_path/Frameworks";
				PRODUCT_BUNDLE_IDENTIFIER = Jiar.SpotifyVideoBackground;
				PRODUCT_NAME = "$(TARGET_NAME)";
				SWIFT_VERSION = 3.0;
			};
			name = Release;
		};
/* End XCBuildConfiguration section */

/* Begin XCConfigurationList section */
		808489E61DEBD15400B3C92A /* Build configuration list for PBXProject "SpotifyVideoBackground" */ = {
			isa = XCConfigurationList;
			buildConfigurations = (
				808489FB1DEBD15400B3C92A /* Debug */,
				808489FC1DEBD15400B3C92A /* Release */,
			);
			defaultConfigurationIsVisible = 0;
			defaultConfigurationName = Release;
		};
		808489FD1DEBD15400B3C92A /* Build configuration list for PBXNativeTarget "SpotifyVideoBackground" */ = {
			isa = XCConfigurationList;
			buildConfigurations = (
				808489FE1DEBD15400B3C92A /* Debug */,
				808489FF1DEBD15400B3C92A /* Release */,
			);
			defaultConfigurationIsVisible = 0;
			defaultConfigurationName = Release;
		};
/* End XCConfigurationList section */
	};
	rootObject = 808489E31DEBD15400B3C92A /* Project object */;
}
