// !$*UTF8*$!
{
	archiveVersion = 1;
	classes = {
	};
	objectVersion = 46;
	objects = {

/* Begin PBXBuildFile section */
		DFCEF0411DED1F220063DDD3 /* AppDelegate.swift in Sources */ = {isa = PBXBuildFile; fileRef = DFCEF0401DED1F220063DDD3 /* AppDelegate.swift */; };
		DFCEF0481DED1F220063DDD3 /* Assets.xcassets in Resources */ = {isa = PBXBuildFile; fileRef = DFCEF0471DED1F220063DDD3 /* Assets.xcassets */; };
		DFCEF04B1DED1F220063DDD3 /* LaunchScreen.storyboard in Resources */ = {isa = PBXBuildFile; fileRef = DFCEF0491DED1F220063DDD3 /* LaunchScreen.storyboard */; };
		DFCEF0741DED28E30063DDD3 /* Main.storyboard in Resources */ = {isa = PBXBuildFile; fileRef = DFCEF0721DED28E30063DDD3 /* Main.storyboard */; };
		DFCEF0761DED2B430063DDD3 /* MasterTableViewController.swift in Sources */ = {isa = PBXBuildFile; fileRef = DFCEF0751DED2B430063DDD3 /* MasterTableViewController.swift */; };
		DFCEF0781DED2BB20063DDD3 /* MenuTransitionManager.swift in Sources */ = {isa = PBXBuildFile; fileRef = DFCEF0771DED2BB20063DDD3 /* MenuTransitionManager.swift */; };
		DFCEF07A1DED31C70063DDD3 /* MenuTableViewController.swift in Sources */ = {isa = PBXBuildFile; fileRef = DFCEF0791DED31C70063DDD3 /* MenuTableViewController.swift */; };
		DFCEF07C1DED34320063DDD3 /* MasterTableViewCell.swift in Sources */ = {isa = PBXBuildFile; fileRef = DFCEF07B1DED34320063DDD3 /* MasterTableViewCell.swift */; };
		DFCEF07E1DED52B80063DDD3 /* MenuTableViewCell.swift in Sources */ = {isa = PBXBuildFile; fileRef = DFCEF07D1DED52B80063DDD3 /* MenuTableViewCell.swift */; };
		DFCEF08A1DED79820063DDD3 /* NewsItem.swift in Sources */ = {isa = PBXBuildFile; fileRef = DFCEF0891DED79820063DDD3 /* NewsItem.swift */; };
/* End PBXBuildFile section */

/* Begin PBXContainerItemProxy section */
		DFCEF0521DED1F220063DDD3 /* PBXContainerItemProxy */ = {
			isa = PBXContainerItemProxy;
			containerPortal = DFCEF0351DED1F220063DDD3 /* Project object */;
			proxyType = 1;
			remoteGlobalIDString = DFCEF03C1DED1F220063DDD3;
			remoteInfo = SlideMenu;
		};
		DFCEF05D1DED1F220063DDD3 /* PBXContainerItemProxy */ = {
			isa = PBXContainerItemProxy;
			containerPortal = DFCEF0351DED1F220063DDD3 /* Project object */;
			proxyType = 1;
			remoteGlobalIDString = DFCEF03C1DED1F220063DDD3;
			remoteInfo = SlideMenu;
		};
/* End PBXContainerItemProxy section */

/* Begin PBXFileReference section */
		DFCEF03D1DED1F220063DDD3 /* SlideMenu.app */ = {isa = PBXFileReference; explicitFileType = wrapper.application; includeInIndex = 0; path = SlideMenu.app; sourceTree = BUILT_PRODUCTS_DIR; };
		DFCEF0401DED1F220063DDD3 /* AppDelegate.swift */ = {isa = PBXFileReference; lastKnownFileType = sourcecode.swift; path = AppDelegate.swift; sourceTree = "<group>"; };
		DFCEF0471DED1F220063DDD3 /* Assets.xcassets */ = {isa = PBXFileReference; lastKnownFileType = folder.assetcatalog; path = Assets.xcassets; sourceTree = "<group>"; };
		DFCEF04A1DED1F220063DDD3 /* Base */ = {isa = PBXFileReference; lastKnownFileType = file.storyboard; name = Base; path = Base.lproj/LaunchScreen.storyboard; sourceTree = "<group>"; };
		DFCEF04C1DED1F220063DDD3 /* Info.plist */ = {isa = PBXFileReference; lastKnownFileType = text.plist.xml; path = Info.plist; sourceTree = "<group>"; };
		DFCEF0511DED1F220063DDD3 /* SlideMenuTests.xctest */ = {isa = PBXFileReference; explicitFileType = wrapper.cfbundle; includeInIndex = 0; path = SlideMenuTests.xctest; sourceTree = BUILT_PRODUCTS_DIR; };
		DFCEF05C1DED1F220063DDD3 /* SlideMenuUITests.xctest */ = {isa = PBXFileReference; explicitFileType = wrapper.cfbundle; includeInIndex = 0; path = SlideMenuUITests.xctest; sourceTree = BUILT_PRODUCTS_DIR; };
		DFCEF0731DED28E30063DDD3 /* Base */ = {isa = PBXFileReference; lastKnownFileType = file.storyboard; name = Base; path = Base.lproj/Main.storyboard; sourceTree = "<group>"; };
		DFCEF0751DED2B430063DDD3 /* MasterTableViewController.swift */ = {isa = PBXFileReference; fileEncoding = 4; lastKnownFileType = sourcecode.swift; path = MasterTableViewController.swift; sourceTree = "<group>"; };
		DFCEF0771DED2BB20063DDD3 /* MenuTransitionManager.swift */ = {isa = PBXFileReference; fileEncoding = 4; lastKnownFileType = sourcecode.swift; path = MenuTransitionManager.swift; sourceTree = "<group>"; };
		DFCEF0791DED31C70063DDD3 /* MenuTableViewController.swift */ = {isa = PBXFileReference; fileEncoding = 4; lastKnownFileType = sourcecode.swift; path = MenuTableViewController.swift; sourceTree = "<group>"; };
		DFCEF07B1DED34320063DDD3 /* MasterTableViewCell.swift */ = {isa = PBXFileReference; fileEncoding = 4; lastKnownFileType = sourcecode.swift; path = MasterTableViewCell.swift; sourceTree = "<group>"; };
		DFCEF07D1DED52B80063DDD3 /* MenuTableViewCell.swift */ = {isa = PBXFileReference; fileEncoding = 4; lastKnownFileType = sourcecode.swift; path = MenuTableViewCell.swift; sourceTree = "<group>"; };
		DFCEF0891DED79820063DDD3 /* NewsItem.swift */ = {isa = PBXFileReference; fileEncoding = 4; lastKnownFileType = sourcecode.swift; path = NewsItem.swift; sourceTree = "<group>"; };
/* End PBXFileReference section */

/* Begin PBXFrameworksBuildPhase section */
		DFCEF03A1DED1F220063DDD3 /* Frameworks */ = {
			isa = PBXFrameworksBuildPhase;
			buildActionMask = 2147483647;
			files = (
			);
			runOnlyForDeploymentPostprocessing = 0;
		};
		DFCEF04E1DED1F220063DDD3 /* Frameworks */ = {
			isa = PBXFrameworksBuildPhase;
			buildActionMask = 2147483647;
			files = (
			);
			runOnlyForDeploymentPostprocessing = 0;
		};
		DFCEF0591DED1F220063DDD3 /* Frameworks */ = {
			isa = PBXFrameworksBuildPhase;
			buildActionMask = 2147483647;
			files = (
			);
			runOnlyForDeploymentPostprocessing = 0;
		};
/* End PBXFrameworksBuildPhase section */

/* Begin PBXGroup section */
		DFCEF0341DED1F220063DDD3 = {
			isa = PBXGroup;
			children = (
				DFCEF03F1DED1F220063DDD3 /* SlideMenu */,
				DFCEF03E1DED1F220063DDD3 /* Products */,
			);
			sourceTree = "<group>";
		};
		DFCEF03E1DED1F220063DDD3 /* Products */ = {
			isa = PBXGroup;
			children = (
				DFCEF03D1DED1F220063DDD3 /* SlideMenu.app */,
				DFCEF0511DED1F220063DDD3 /* SlideMenuTests.xctest */,
				DFCEF05C1DED1F220063DDD3 /* SlideMenuUITests.xctest */,
			);
			name = Products;
			sourceTree = "<group>";
		};
		DFCEF03F1DED1F220063DDD3 /* SlideMenu */ = {
			isa = PBXGroup;
			children = (
				DFCEF0401DED1F220063DDD3 /* AppDelegate.swift */,
				DFCEF0721DED28E30063DDD3 /* Main.storyboard */,
				DFCEF0471DED1F220063DDD3 /* Assets.xcassets */,
				DFCEF0491DED1F220063DDD3 /* LaunchScreen.storyboard */,
				DFCEF04C1DED1F220063DDD3 /* Info.plist */,
				DFCEF0751DED2B430063DDD3 /* MasterTableViewController.swift */,
				DFCEF07B1DED34320063DDD3 /* MasterTableViewCell.swift */,
				DFCEF0771DED2BB20063DDD3 /* MenuTransitionManager.swift */,
				DFCEF0791DED31C70063DDD3 /* MenuTableViewController.swift */,
				DFCEF07D1DED52B80063DDD3 /* MenuTableViewCell.swift */,
				DFCEF0891DED79820063DDD3 /* NewsItem.swift */,
			);
			path = SlideMenu;
			sourceTree = "<group>";
		};
/* End PBXGroup section */

/* Begin PBXNativeTarget section */
		DFCEF03C1DED1F220063DDD3 /* SlideMenu */ = {
			isa = PBXNativeTarget;
			buildConfigurationList = DFCEF0651DED1F220063DDD3 /* Build configuration list for PBXNativeTarget "SlideMenu" */;
			buildPhases = (
				DFCEF0391DED1F220063DDD3 /* Sources */,
				DFCEF03A1DED1F220063DDD3 /* Frameworks */,
				DFCEF03B1DED1F220063DDD3 /* Resources */,
			);
			buildRules = (
			);
			dependencies = (
			);
			name = SlideMenu;
			productName = SlideMenu;
			productReference = DFCEF03D1DED1F220063DDD3 /* SlideMenu.app */;
			productType = "com.apple.product-type.application";
		};
		DFCEF0501DED1F220063DDD3 /* SlideMenuTests */ = {
			isa = PBXNativeTarget;
			buildConfigurationList = DFCEF0681DED1F220063DDD3 /* Build configuration list for PBXNativeTarget "SlideMenuTests" */;
			buildPhases = (
				DFCEF04D1DED1F220063DDD3 /* Sources */,
				DFCEF04E1DED1F220063DDD3 /* Frameworks */,
				DFCEF04F1DED1F220063DDD3 /* Resources */,
			);
			buildRules = (
			);
			dependencies = (
				DFCEF0531DED1F220063DDD3 /* PBXTargetDependency */,
			);
			name = SlideMenuTests;
			productName = SlideMenuTests;
			productReference = DFCEF0511DED1F220063DDD3 /* SlideMenuTests.xctest */;
			productType = "com.apple.product-type.bundle.unit-test";
		};
		DFCEF05B1DED1F220063DDD3 /* SlideMenuUITests */ = {
			isa = PBXNativeTarget;
			buildConfigurationList = DFCEF06B1DED1F220063DDD3 /* Build configuration list for PBXNativeTarget "SlideMenuUITests" */;
			buildPhases = (
				DFCEF0581DED1F220063DDD3 /* Sources */,
				DFCEF0591DED1F220063DDD3 /* Frameworks */,
				DFCEF05A1DED1F220063DDD3 /* Resources */,
			);
			buildRules = (
			);
			dependencies = (
				DFCEF05E1DED1F220063DDD3 /* PBXTargetDependency */,
			);
			name = SlideMenuUITests;
			productName = SlideMenuUITests;
			productReference = DFCEF05C1DED1F220063DDD3 /* SlideMenuUITests.xctest */;
			productType = "com.apple.product-type.bundle.ui-testing";
		};
/* End PBXNativeTarget section */

/* Begin PBXProject section */
		DFCEF0351DED1F220063DDD3 /* Project object */ = {
			isa = PBXProject;
			attributes = {
				LastSwiftUpdateCheck = 0810;
				LastUpgradeCheck = 0810;
				ORGANIZATIONNAME = com.Boolan;
				TargetAttributes = {
					DFCEF03C1DED1F220063DDD3 = {
						CreatedOnToolsVersion = 8.1;
						DevelopmentTeam = 5F86ZD4GLF;
						ProvisioningStyle = Automatic;
					};
					DFCEF0501DED1F220063DDD3 = {
						CreatedOnToolsVersion = 8.1;
						DevelopmentTeam = 5F86ZD4GLF;
						ProvisioningStyle = Automatic;
						TestTargetID = DFCEF03C1DED1F220063DDD3;
					};
					DFCEF05B1DED1F220063DDD3 = {
						CreatedOnToolsVersion = 8.1;
						DevelopmentTeam = 5F86ZD4GLF;
						ProvisioningStyle = Automatic;
						TestTargetID = DFCEF03C1DED1F220063DDD3;
					};
				};
			};
			buildConfigurationList = DFCEF0381DED1F220063DDD3 /* Build configuration list for PBXProject "SlideMenu" */;
			compatibilityVersion = "Xcode 3.2";
			developmentRegion = English;
			hasScannedForEncodings = 0;
			knownRegions = (
				en,
				Base,
			);
			mainGroup = DFCEF0341DED1F220063DDD3;
			productRefGroup = DFCEF03E1DED1F220063DDD3 /* Products */;
			projectDirPath = "";
			projectRoot = "";
			targets = (
				DFCEF03C1DED1F220063DDD3 /* SlideMenu */,
				DFCEF0501DED1F220063DDD3 /* SlideMenuTests */,
				DFCEF05B1DED1F220063DDD3 /* SlideMenuUITests */,
			);
		};
/* End PBXProject section */

/* Begin PBXResourcesBuildPhase section */
		DFCEF03B1DED1F220063DDD3 /* Resources */ = {
			isa = PBXResourcesBuildPhase;
			buildActionMask = 2147483647;
			files = (
				DFCEF0741DED28E30063DDD3 /* Main.storyboard in Resources */,
				DFCEF04B1DED1F220063DDD3 /* LaunchScreen.storyboard in Resources */,
				DFCEF0481DED1F220063DDD3 /* Assets.xcassets in Resources */,
			);
			runOnlyForDeploymentPostprocessing = 0;
		};
		DFCEF04F1DED1F220063DDD3 /* Resources */ = {
			isa = PBXResourcesBuildPhase;
			buildActionMask = 2147483647;
			files = (
			);
			runOnlyForDeploymentPostprocessing = 0;
		};
		DFCEF05A1DED1F220063DDD3 /* Resources */ = {
			isa = PBXResourcesBuildPhase;
			buildActionMask = 2147483647;
			files = (
			);
			runOnlyForDeploymentPostprocessing = 0;
		};
/* End PBXResourcesBuildPhase section */

/* Begin PBXSourcesBuildPhase section */
		DFCEF0391DED1F220063DDD3 /* Sources */ = {
			isa = PBXSourcesBuildPhase;
			buildActionMask = 2147483647;
			files = (
				DFCEF07A1DED31C70063DDD3 /* MenuTableViewController.swift in Sources */,
				DFCEF08A1DED79820063DDD3 /* NewsItem.swift in Sources */,
				DFCEF0411DED1F220063DDD3 /* AppDelegate.swift in Sources */,
				DFCEF07E1DED52B80063DDD3 /* MenuTableViewCell.swift in Sources */,
				DFCEF0781DED2BB20063DDD3 /* MenuTransitionManager.swift in Sources */,
				DFCEF0761DED2B430063DDD3 /* MasterTableViewController.swift in Sources */,
				DFCEF07C1DED34320063DDD3 /* MasterTableViewCell.swift in Sources */,
			);
			runOnlyForDeploymentPostprocessing = 0;
		};
		DFCEF04D1DED1F220063DDD3 /* Sources */ = {
			isa = PBXSourcesBuildPhase;
			buildActionMask = 2147483647;
			files = (
			);
			runOnlyForDeploymentPostprocessing = 0;
		};
		DFCEF0581DED1F220063DDD3 /* Sources */ = {
			isa = PBXSourcesBuildPhase;
			buildActionMask = 2147483647;
			files = (
			);
			runOnlyForDeploymentPostprocessing = 0;
		};
/* End PBXSourcesBuildPhase section */

/* Begin PBXTargetDependency section */
		DFCEF0531DED1F220063DDD3 /* PBXTargetDependency */ = {
			isa = PBXTargetDependency;
			target = DFCEF03C1DED1F220063DDD3 /* SlideMenu */;
			targetProxy = DFCEF0521DED1F220063DDD3 /* PBXContainerItemProxy */;
		};
		DFCEF05E1DED1F220063DDD3 /* PBXTargetDependency */ = {
			isa = PBXTargetDependency;
			target = DFCEF03C1DED1F220063DDD3 /* SlideMenu */;
			targetProxy = DFCEF05D1DED1F220063DDD3 /* PBXContainerItemProxy */;
		};
/* End PBXTargetDependency section */

/* Begin PBXVariantGroup section */
		DFCEF0491DED1F220063DDD3 /* LaunchScreen.storyboard */ = {
			isa = PBXVariantGroup;
			children = (
				DFCEF04A1DED1F220063DDD3 /* Base */,
			);
			name = LaunchScreen.storyboard;
			sourceTree = "<group>";
		};
		DFCEF0721DED28E30063DDD3 /* Main.storyboard */ = {
			isa = PBXVariantGroup;
			children = (
				DFCEF0731DED28E30063DDD3 /* Base */,
			);
			name = Main.storyboard;
			sourceTree = "<group>";
		};
/* End PBXVariantGroup section */

/* Begin XCBuildConfiguration section */
		DFCEF0631DED1F220063DDD3 /* Debug */ = {
			isa = XCBuildConfiguration;
			buildSettings = {
				ALWAYS_SEARCH_USER_PATHS = NO;
				CLANG_ANALYZER_NONNULL = YES;
				CLANG_CXX_LANGUAGE_STANDARD = "gnu++0x";
				CLANG_CXX_LIBRARY = "libc++";
				CLANG_ENABLE_MODULES = YES;
				CLANG_ENABLE_OBJC_ARC = YES;
				CLANG_WARN_BOOL_CONVERSION = YES;
				CLANG_WARN_CONSTANT_CONVERSION = YES;
				CLANG_WARN_DIRECT_OBJC_ISA_USAGE = YES_ERROR;
				CLANG_WARN_DOCUMENTATION_COMMENTS = YES;
				CLANG_WARN_EMPTY_BODY = YES;
				CLANG_WARN_ENUM_CONVERSION = YES;
				CLANG_WARN_INFINITE_RECURSION = YES;
				CLANG_WARN_INT_CONVERSION = YES;
				CLANG_WARN_OBJC_ROOT_CLASS = YES_ERROR;
				CLANG_WARN_SUSPICIOUS_MOVES = YES;
				CLANG_WARN_UNREACHABLE_CODE = YES;
				CLANG_WARN__DUPLICATE_METHOD_MATCH = YES;
				"CODE_SIGN_IDENTITY[sdk=iphoneos*]" = "iPhone Developer";
				COPY_PHASE_STRIP = NO;
				DEBUG_INFORMATION_FORMAT = dwarf;
				ENABLE_STRICT_OBJC_MSGSEND = YES;
				ENABLE_TESTABILITY = YES;
				GCC_C_LANGUAGE_STANDARD = gnu99;
				GCC_DYNAMIC_NO_PIC = NO;
				GCC_NO_COMMON_BLOCKS = YES;
				GCC_OPTIMIZATION_LEVEL = 0;
				GCC_PREPROCESSOR_DEFINITIONS = (
					"DEBUG=1",
					"$(inherited)",
				);
				GCC_WARN_64_TO_32_BIT_CONVERSION = YES;
				GCC_WARN_ABOUT_RETURN_TYPE = YES_ERROR;
				GCC_WARN_UNDECLARED_SELECTOR = YES;
				GCC_WARN_UNINITIALIZED_AUTOS = YES_AGGRESSIVE;
				GCC_WARN_UNUSED_FUNCTION = YES;
				GCC_WARN_UNUSED_VARIABLE = YES;
				IPHONEOS_DEPLOYMENT_TARGET = 10.1;
				MTL_ENABLE_DEBUG_INFO = YES;
				ONLY_ACTIVE_ARCH = YES;
				SDKROOT = iphoneos;
				SWIFT_ACTIVE_COMPILATION_CONDITIONS = DEBUG;
				SWIFT_OPTIMIZATION_LEVEL = "-Onone";
			};
			name = Debug;
		};
		DFCEF0641DED1F220063DDD3 /* Release */ = {
			isa = XCBuildConfiguration;
			buildSettings = {
				ALWAYS_SEARCH_USER_PATHS = NO;
				CLANG_ANALYZER_NONNULL = YES;
				CLANG_CXX_LANGUAGE_STANDARD = "gnu++0x";
				CLANG_CXX_LIBRARY = "libc++";
				CLANG_ENABLE_MODULES = YES;
				CLANG_ENABLE_OBJC_ARC = YES;
				CLANG_WARN_BOOL_CONVERSION = YES;
				CLANG_WARN_CONSTANT_CONVERSION = YES;
				CLANG_WARN_DIRECT_OBJC_ISA_USAGE = YES_ERROR;
				CLANG_WARN_DOCUMENTATION_COMMENTS = YES;
				CLANG_WARN_EMPTY_BODY = YES;
				CLANG_WARN_ENUM_CONVERSION = YES;
				CLANG_WARN_INFINITE_RECURSION = YES;
				CLANG_WARN_INT_CONVERSION = YES;
				CLANG_WARN_OBJC_ROOT_CLASS = YES_ERROR;
				CLANG_WARN_SUSPICIOUS_MOVES = YES;
				CLANG_WARN_UNREACHABLE_CODE = YES;
				CLANG_WARN__DUPLICATE_METHOD_MATCH = YES;
				"CODE_SIGN_IDENTITY[sdk=iphoneos*]" = "iPhone Developer";
				COPY_PHASE_STRIP = NO;
				DEBUG_INFORMATION_FORMAT = "dwarf-with-dsym";
				ENABLE_NS_ASSERTIONS = NO;
				ENABLE_STRICT_OBJC_MSGSEND = YES;
				GCC_C_LANGUAGE_STANDARD = gnu99;
				GCC_NO_COMMON_BLOCKS = YES;
				GCC_WARN_64_TO_32_BIT_CONVERSION = YES;
				GCC_WARN_ABOUT_RETURN_TYPE = YES_ERROR;
				GCC_WARN_UNDECLARED_SELECTOR = YES;
				GCC_WARN_UNINITIALIZED_AUTOS = YES_AGGRESSIVE;
				GCC_WARN_UNUSED_FUNCTION = YES;
				GCC_WARN_UNUSED_VARIABLE = YES;
				IPHONEOS_DEPLOYMENT_TARGET = 10.1;
				MTL_ENABLE_DEBUG_INFO = NO;
				SDKROOT = iphoneos;
				SWIFT_OPTIMIZATION_LEVEL = "-Owholemodule";
				VALIDATE_PRODUCT = YES;
			};
			name = Release;
		};
		DFCEF0661DED1F220063DDD3 /* Debug */ = {
			isa = XCBuildConfiguration;
			buildSettings = {
				ASSETCATALOG_COMPILER_APPICON_NAME = AppIcon;
				DEVELOPMENT_TEAM = 5F86ZD4GLF;
				INFOPLIST_FILE = SlideMenu/Info.plist;
				LD_RUNPATH_SEARCH_PATHS = "$(inherited) @executable_path/Frameworks";
				PRODUCT_BUNDLE_IDENTIFIER = com.Boolan.SlideMenu;
				PRODUCT_NAME = "$(TARGET_NAME)";
				SWIFT_VERSION = 3.0;
			};
			name = Debug;
		};
		DFCEF0671DED1F220063DDD3 /* Release */ = {
			isa = XCBuildConfiguration;
			buildSettings = {
				ASSETCATALOG_COMPILER_APPICON_NAME = AppIcon;
				DEVELOPMENT_TEAM = 5F86ZD4GLF;
				INFOPLIST_FILE = SlideMenu/Info.plist;
				LD_RUNPATH_SEARCH_PATHS = "$(inherited) @executable_path/Frameworks";
				PRODUCT_BUNDLE_IDENTIFIER = com.Boolan.SlideMenu;
				PRODUCT_NAME = "$(TARGET_NAME)";
				SWIFT_VERSION = 3.0;
			};
			name = Release;
		};
		DFCEF0691DED1F220063DDD3 /* Debug */ = {
			isa = XCBuildConfiguration;
			buildSettings = {
				ALWAYS_EMBED_SWIFT_STANDARD_LIBRARIES = YES;
				BUNDLE_LOADER = "$(TEST_HOST)";
				DEVELOPMENT_TEAM = 5F86ZD4GLF;
				INFOPLIST_FILE = SlideMenuTests/Info.plist;
				LD_RUNPATH_SEARCH_PATHS = "$(inherited) @executable_path/Frameworks @loader_path/Frameworks";
				PRODUCT_BUNDLE_IDENTIFIER = com.Boolan.SlideMenuTests;
				PRODUCT_NAME = "$(TARGET_NAME)";
				SWIFT_VERSION = 3.0;
				TEST_HOST = "$(BUILT_PRODUCTS_DIR)/SlideMenu.app/SlideMenu";
			};
			name = Debug;
		};
		DFCEF06A1DED1F220063DDD3 /* Release */ = {
			isa = XCBuildConfiguration;
			buildSettings = {
				ALWAYS_EMBED_SWIFT_STANDARD_LIBRARIES = YES;
				BUNDLE_LOADER = "$(TEST_HOST)";
				DEVELOPMENT_TEAM = 5F86ZD4GLF;
				INFOPLIST_FILE = SlideMenuTests/Info.plist;
				LD_RUNPATH_SEARCH_PATHS = "$(inherited) @executable_path/Frameworks @loader_path/Frameworks";
				PRODUCT_BUNDLE_IDENTIFIER = com.Boolan.SlideMenuTests;
				PRODUCT_NAME = "$(TARGET_NAME)";
				SWIFT_VERSION = 3.0;
				TEST_HOST = "$(BUILT_PRODUCTS_DIR)/SlideMenu.app/SlideMenu";
			};
			name = Release;
		};
		DFCEF06C1DED1F220063DDD3 /* Debug */ = {
			isa = XCBuildConfiguration;
			buildSettings = {
				ALWAYS_EMBED_SWIFT_STANDARD_LIBRARIES = YES;
				DEVELOPMENT_TEAM = 5F86ZD4GLF;
				INFOPLIST_FILE = SlideMenuUITests/Info.plist;
				LD_RUNPATH_SEARCH_PATHS = "$(inherited) @executable_path/Frameworks @loader_path/Frameworks";
				PRODUCT_BUNDLE_IDENTIFIER = com.Boolan.SlideMenuUITests;
				PRODUCT_NAME = "$(TARGET_NAME)";
				SWIFT_VERSION = 3.0;
				TEST_TARGET_NAME = SlideMenu;
			};
			name = Debug;
		};
		DFCEF06D1DED1F220063DDD3 /* Release */ = {
			isa = XCBuildConfiguration;
			buildSettings = {
				ALWAYS_EMBED_SWIFT_STANDARD_LIBRARIES = YES;
				DEVELOPMENT_TEAM = 5F86ZD4GLF;
				INFOPLIST_FILE = SlideMenuUITests/Info.plist;
				LD_RUNPATH_SEARCH_PATHS = "$(inherited) @executable_path/Frameworks @loader_path/Frameworks";
				PRODUCT_BUNDLE_IDENTIFIER = com.Boolan.SlideMenuUITests;
				PRODUCT_NAME = "$(TARGET_NAME)";
				SWIFT_VERSION = 3.0;
				TEST_TARGET_NAME = SlideMenu;
			};
			name = Release;
		};
/* End XCBuildConfiguration section */

/* Begin XCConfigurationList section */
		DFCEF0381DED1F220063DDD3 /* Build configuration list for PBXProject "SlideMenu" */ = {
			isa = XCConfigurationList;
			buildConfigurations = (
				DFCEF0631DED1F220063DDD3 /* Debug */,
				DFCEF0641DED1F220063DDD3 /* Release */,
			);
			defaultConfigurationIsVisible = 0;
			defaultConfigurationName = Release;
		};
		DFCEF0651DED1F220063DDD3 /* Build configuration list for PBXNativeTarget "SlideMenu" */ = {
			isa = XCConfigurationList;
			buildConfigurations = (
				DFCEF0661DED1F220063DDD3 /* Debug */,
				DFCEF0671DED1F220063DDD3 /* Release */,
			);
			defaultConfigurationIsVisible = 0;
			defaultConfigurationName = Release;
		};
		DFCEF0681DED1F220063DDD3 /* Build configuration list for PBXNativeTarget "SlideMenuTests" */ = {
			isa = XCConfigurationList;
			buildConfigurations = (
				DFCEF0691DED1F220063DDD3 /* Debug */,
				DFCEF06A1DED1F220063DDD3 /* Release */,
			);
			defaultConfigurationIsVisible = 0;
			defaultConfigurationName = Release;
		};
		DFCEF06B1DED1F220063DDD3 /* Build configuration list for PBXNativeTarget "SlideMenuUITests" */ = {
			isa = XCConfigurationList;
			buildConfigurations = (
				DFCEF06C1DED1F220063DDD3 /* Debug */,
				DFCEF06D1DED1F220063DDD3 /* Release */,
			);
			defaultConfigurationIsVisible = 0;
			defaultConfigurationName = Release;
		};
/* End XCConfigurationList section */
	};
	rootObject = DFCEF0351DED1F220063DDD3 /* Project object */;
}
