// !$*UTF8*$!
{
	archiveVersion = 1;
	classes = {
	};
	objectVersion = 46;
	objects = {

/* Begin PBXBuildFile section */
		DF6763C91DEDB288000DC9C8 /* JSBreadthFirstSearch.swift in Sources */ = {isa = PBXBuildFile; fileRef = DF6763C81DEDB288000DC9C8 /* JSBreadthFirstSearch.swift */; };
		DFCEF09A1DED9F820063DDD3 /* AppDelegate.swift in Sources */ = {isa = PBXBuildFile; fileRef = DFCEF0991DED9F820063DDD3 /* AppDelegate.swift */; };
		DFCEF09C1DED9F820063DDD3 /* ViewController.swift in Sources */ = {isa = PBXBuildFile; fileRef = DFCEF09B1DED9F820063DDD3 /* ViewController.swift */; };
		DFCEF09F1DED9F820063DDD3 /* Main.storyboard in Resources */ = {isa = PBXBuildFile; fileRef = DFCEF09D1DED9F820063DDD3 /* Main.storyboard */; };
		DFCEF0A11DED9F820063DDD3 /* Assets.xcassets in Resources */ = {isa = PBXBuildFile; fileRef = DFCEF0A01DED9F820063DDD3 /* Assets.xcassets */; };
		DFCEF0A41DED9F820063DDD3 /* LaunchScreen.storyboard in Resources */ = {isa = PBXBuildFile; fileRef = DFCEF0A21DED9F820063DDD3 /* LaunchScreen.storyboard */; };
		DFCEF0AF1DED9F820063DDD3 /* ArtificialTests.swift in Sources */ = {isa = PBXBuildFile; fileRef = DFCEF0AE1DED9F820063DDD3 /* ArtificialTests.swift */; };
		DFCEF0BA1DED9F820063DDD3 /* ArtificialUITests.swift in Sources */ = {isa = PBXBuildFile; fileRef = DFCEF0B91DED9F820063DDD3 /* ArtificialUITests.swift */; };
		DFCEF0C81DEDA0E80063DDD3 /* MasterViewController.swift in Sources */ = {isa = PBXBuildFile; fileRef = DFCEF0C71DEDA0E80063DDD3 /* MasterViewController.swift */; };
		DFCEF0CA1DEDA5AB0063DDD3 /* PuzzlePiece.swift in Sources */ = {isa = PBXBuildFile; fileRef = DFCEF0C91DEDA5AB0063DDD3 /* PuzzlePiece.swift */; };
		DFCEF0CC1DEDA7F80063DDD3 /* PuzzleStatus.swift in Sources */ = {isa = PBXBuildFile; fileRef = DFCEF0CB1DEDA7F80063DDD3 /* PuzzleStatus.swift */; };
		DFCEF0D01DEDA9CE0063DDD3 /* JSPathSearch.swift in Sources */ = {isa = PBXBuildFile; fileRef = DFCEF0CF1DEDA9CE0063DDD3 /* JSPathSearch.swift */; };
/* End PBXBuildFile section */

/* Begin PBXContainerItemProxy section */
		DFCEF0AB1DED9F820063DDD3 /* PBXContainerItemProxy */ = {
			isa = PBXContainerItemProxy;
			containerPortal = DFCEF08E1DED9F820063DDD3 /* Project object */;
			proxyType = 1;
			remoteGlobalIDString = DFCEF0951DED9F820063DDD3;
			remoteInfo = Artificial;
		};
		DFCEF0B61DED9F820063DDD3 /* PBXContainerItemProxy */ = {
			isa = PBXContainerItemProxy;
			containerPortal = DFCEF08E1DED9F820063DDD3 /* Project object */;
			proxyType = 1;
			remoteGlobalIDString = DFCEF0951DED9F820063DDD3;
			remoteInfo = Artificial;
		};
/* End PBXContainerItemProxy section */

/* Begin PBXFileReference section */
		DF6763C81DEDB288000DC9C8 /* JSBreadthFirstSearch.swift */ = {isa = PBXFileReference; fileEncoding = 4; lastKnownFileType = sourcecode.swift; path = JSBreadthFirstSearch.swift; sourceTree = "<group>"; };
		DFCEF0961DED9F820063DDD3 /* Artificial.app */ = {isa = PBXFileReference; explicitFileType = wrapper.application; includeInIndex = 0; path = Artificial.app; sourceTree = BUILT_PRODUCTS_DIR; };
		DFCEF0991DED9F820063DDD3 /* AppDelegate.swift */ = {isa = PBXFileReference; lastKnownFileType = sourcecode.swift; path = AppDelegate.swift; sourceTree = "<group>"; };
		DFCEF09B1DED9F820063DDD3 /* ViewController.swift */ = {isa = PBXFileReference; lastKnownFileType = sourcecode.swift; path = ViewController.swift; sourceTree = "<group>"; };
		DFCEF09E1DED9F820063DDD3 /* Base */ = {isa = PBXFileReference; lastKnownFileType = file.storyboard; name = Base; path = Base.lproj/Main.storyboard; sourceTree = "<group>"; };
		DFCEF0A01DED9F820063DDD3 /* Assets.xcassets */ = {isa = PBXFileReference; lastKnownFileType = folder.assetcatalog; path = Assets.xcassets; sourceTree = "<group>"; };
		DFCEF0A31DED9F820063DDD3 /* Base */ = {isa = PBXFileReference; lastKnownFileType = file.storyboard; name = Base; path = Base.lproj/LaunchScreen.storyboard; sourceTree = "<group>"; };
		DFCEF0A51DED9F820063DDD3 /* Info.plist */ = {isa = PBXFileReference; lastKnownFileType = text.plist.xml; path = Info.plist; sourceTree = "<group>"; };
		DFCEF0AA1DED9F820063DDD3 /* ArtificialTests.xctest */ = {isa = PBXFileReference; explicitFileType = wrapper.cfbundle; includeInIndex = 0; path = ArtificialTests.xctest; sourceTree = BUILT_PRODUCTS_DIR; };
		DFCEF0AE1DED9F820063DDD3 /* ArtificialTests.swift */ = {isa = PBXFileReference; lastKnownFileType = sourcecode.swift; path = ArtificialTests.swift; sourceTree = "<group>"; };
		DFCEF0B01DED9F820063DDD3 /* Info.plist */ = {isa = PBXFileReference; lastKnownFileType = text.plist.xml; path = Info.plist; sourceTree = "<group>"; };
		DFCEF0B51DED9F820063DDD3 /* ArtificialUITests.xctest */ = {isa = PBXFileReference; explicitFileType = wrapper.cfbundle; includeInIndex = 0; path = ArtificialUITests.xctest; sourceTree = BUILT_PRODUCTS_DIR; };
		DFCEF0B91DED9F820063DDD3 /* ArtificialUITests.swift */ = {isa = PBXFileReference; lastKnownFileType = sourcecode.swift; path = ArtificialUITests.swift; sourceTree = "<group>"; };
		DFCEF0BB1DED9F820063DDD3 /* Info.plist */ = {isa = PBXFileReference; lastKnownFileType = text.plist.xml; path = Info.plist; sourceTree = "<group>"; };
		DFCEF0C71DEDA0E80063DDD3 /* MasterViewController.swift */ = {isa = PBXFileReference; fileEncoding = 4; lastKnownFileType = sourcecode.swift; path = MasterViewController.swift; sourceTree = "<group>"; };
		DFCEF0C91DEDA5AB0063DDD3 /* PuzzlePiece.swift */ = {isa = PBXFileReference; fileEncoding = 4; lastKnownFileType = sourcecode.swift; path = PuzzlePiece.swift; sourceTree = "<group>"; };
		DFCEF0CB1DEDA7F80063DDD3 /* PuzzleStatus.swift */ = {isa = PBXFileReference; fileEncoding = 4; lastKnownFileType = sourcecode.swift; path = PuzzleStatus.swift; sourceTree = "<group>"; };
		DFCEF0CF1DEDA9CE0063DDD3 /* JSPathSearch.swift */ = {isa = PBXFileReference; fileEncoding = 4; lastKnownFileType = sourcecode.swift; path = JSPathSearch.swift; sourceTree = "<group>"; };
/* End PBXFileReference section */

/* Begin PBXFrameworksBuildPhase section */
		DFCEF0931DED9F820063DDD3 /* Frameworks */ = {
			isa = PBXFrameworksBuildPhase;
			buildActionMask = 2147483647;
			files = (
			);
			runOnlyForDeploymentPostprocessing = 0;
		};
		DFCEF0A71DED9F820063DDD3 /* Frameworks */ = {
			isa = PBXFrameworksBuildPhase;
			buildActionMask = 2147483647;
			files = (
			);
			runOnlyForDeploymentPostprocessing = 0;
		};
		DFCEF0B21DED9F820063DDD3 /* Frameworks */ = {
			isa = PBXFrameworksBuildPhase;
			buildActionMask = 2147483647;
			files = (
			);
			runOnlyForDeploymentPostprocessing = 0;
		};
/* End PBXFrameworksBuildPhase section */

/* Begin PBXGroup section */
		DFCEF08D1DED9F820063DDD3 = {
			isa = PBXGroup;
			children = (
				DFCEF0981DED9F820063DDD3 /* Artificial */,
				DFCEF0AD1DED9F820063DDD3 /* ArtificialTests */,
				DFCEF0B81DED9F820063DDD3 /* ArtificialUITests */,
				DFCEF0971DED9F820063DDD3 /* Products */,
			);
			sourceTree = "<group>";
		};
		DFCEF0971DED9F820063DDD3 /* Products */ = {
			isa = PBXGroup;
			children = (
				DFCEF0961DED9F820063DDD3 /* Artificial.app */,
				DFCEF0AA1DED9F820063DDD3 /* ArtificialTests.xctest */,
				DFCEF0B51DED9F820063DDD3 /* ArtificialUITests.xctest */,
			);
			name = Products;
			sourceTree = "<group>";
		};
		DFCEF0981DED9F820063DDD3 /* Artificial */ = {
			isa = PBXGroup;
			children = (
				DFCEF0CE1DEDA8710063DDD3 /* JxPriortyQueue */,
				DFCEF0CD1DEDA85F0063DDD3 /* JxPatchSearch */,
				DFCEF0991DED9F820063DDD3 /* AppDelegate.swift */,
				DFCEF09B1DED9F820063DDD3 /* ViewController.swift */,
				DFCEF09D1DED9F820063DDD3 /* Main.storyboard */,
				DFCEF0A01DED9F820063DDD3 /* Assets.xcassets */,
				DFCEF0A21DED9F820063DDD3 /* LaunchScreen.storyboard */,
				DFCEF0A51DED9F820063DDD3 /* Info.plist */,
				DFCEF0C71DEDA0E80063DDD3 /* MasterViewController.swift */,
				DFCEF0C91DEDA5AB0063DDD3 /* PuzzlePiece.swift */,
				DFCEF0CB1DEDA7F80063DDD3 /* PuzzleStatus.swift */,
			);
			path = Artificial;
			sourceTree = "<group>";
		};
		DFCEF0AD1DED9F820063DDD3 /* ArtificialTests */ = {
			isa = PBXGroup;
			children = (
				DFCEF0AE1DED9F820063DDD3 /* ArtificialTests.swift */,
				DFCEF0B01DED9F820063DDD3 /* Info.plist */,
			);
			path = ArtificialTests;
			sourceTree = "<group>";
		};
		DFCEF0B81DED9F820063DDD3 /* ArtificialUITests */ = {
			isa = PBXGroup;
			children = (
				DFCEF0B91DED9F820063DDD3 /* ArtificialUITests.swift */,
				DFCEF0BB1DED9F820063DDD3 /* Info.plist */,
			);
			path = ArtificialUITests;
			sourceTree = "<group>";
		};
		DFCEF0CD1DEDA85F0063DDD3 /* JxPatchSearch */ = {
			isa = PBXGroup;
			children = (
				DFCEF0CF1DEDA9CE0063DDD3 /* JSPathSearch.swift */,
				DF6763C81DEDB288000DC9C8 /* JSBreadthFirstSearch.swift */,
			);
			name = JxPatchSearch;
			sourceTree = "<group>";
		};
		DFCEF0CE1DEDA8710063DDD3 /* JxPriortyQueue */ = {
			isa = PBXGroup;
			children = (
			);
			name = JxPriortyQueue;
			sourceTree = "<group>";
		};
/* End PBXGroup section */

/* Begin PBXNativeTarget section */
		DFCEF0951DED9F820063DDD3 /* Artificial */ = {
			isa = PBXNativeTarget;
			buildConfigurationList = DFCEF0BE1DED9F820063DDD3 /* Build configuration list for PBXNativeTarget "Artificial" */;
			buildPhases = (
				DFCEF0921DED9F820063DDD3 /* Sources */,
				DFCEF0931DED9F820063DDD3 /* Frameworks */,
				DFCEF0941DED9F820063DDD3 /* Resources */,
			);
			buildRules = (
			);
			dependencies = (
			);
			name = Artificial;
			productName = Artificial;
			productReference = DFCEF0961DED9F820063DDD3 /* Artificial.app */;
			productType = "com.apple.product-type.application";
		};
		DFCEF0A91DED9F820063DDD3 /* ArtificialTests */ = {
			isa = PBXNativeTarget;
			buildConfigurationList = DFCEF0C11DED9F820063DDD3 /* Build configuration list for PBXNativeTarget "ArtificialTests" */;
			buildPhases = (
				DFCEF0A61DED9F820063DDD3 /* Sources */,
				DFCEF0A71DED9F820063DDD3 /* Frameworks */,
				DFCEF0A81DED9F820063DDD3 /* Resources */,
			);
			buildRules = (
			);
			dependencies = (
				DFCEF0AC1DED9F820063DDD3 /* PBXTargetDependency */,
			);
			name = ArtificialTests;
			productName = ArtificialTests;
			productReference = DFCEF0AA1DED9F820063DDD3 /* ArtificialTests.xctest */;
			productType = "com.apple.product-type.bundle.unit-test";
		};
		DFCEF0B41DED9F820063DDD3 /* ArtificialUITests */ = {
			isa = PBXNativeTarget;
			buildConfigurationList = DFCEF0C41DED9F820063DDD3 /* Build configuration list for PBXNativeTarget "ArtificialUITests" */;
			buildPhases = (
				DFCEF0B11DED9F820063DDD3 /* Sources */,
				DFCEF0B21DED9F820063DDD3 /* Frameworks */,
				DFCEF0B31DED9F820063DDD3 /* Resources */,
			);
			buildRules = (
			);
			dependencies = (
				DFCEF0B71DED9F820063DDD3 /* PBXTargetDependency */,
			);
			name = ArtificialUITests;
			productName = ArtificialUITests;
			productReference = DFCEF0B51DED9F820063DDD3 /* ArtificialUITests.xctest */;
			productType = "com.apple.product-type.bundle.ui-testing";
		};
/* End PBXNativeTarget section */

/* Begin PBXProject section */
		DFCEF08E1DED9F820063DDD3 /* Project object */ = {
			isa = PBXProject;
			attributes = {
				LastSwiftUpdateCheck = 0810;
				LastUpgradeCheck = 0810;
				ORGANIZATIONNAME = com.Boolan;
				TargetAttributes = {
					DFCEF0951DED9F820063DDD3 = {
						CreatedOnToolsVersion = 8.1;
						DevelopmentTeam = 5F86ZD4GLF;
						ProvisioningStyle = Automatic;
					};
					DFCEF0A91DED9F820063DDD3 = {
						CreatedOnToolsVersion = 8.1;
						DevelopmentTeam = 5F86ZD4GLF;
						ProvisioningStyle = Automatic;
						TestTargetID = DFCEF0951DED9F820063DDD3;
					};
					DFCEF0B41DED9F820063DDD3 = {
						CreatedOnToolsVersion = 8.1;
						DevelopmentTeam = 5F86ZD4GLF;
						ProvisioningStyle = Automatic;
						TestTargetID = DFCEF0951DED9F820063DDD3;
					};
				};
			};
			buildConfigurationList = DFCEF0911DED9F820063DDD3 /* Build configuration list for PBXProject "Artificial" */;
			compatibilityVersion = "Xcode 3.2";
			developmentRegion = English;
			hasScannedForEncodings = 0;
			knownRegions = (
				en,
				Base,
			);
			mainGroup = DFCEF08D1DED9F820063DDD3;
			productRefGroup = DFCEF0971DED9F820063DDD3 /* Products */;
			projectDirPath = "";
			projectRoot = "";
			targets = (
				DFCEF0951DED9F820063DDD3 /* Artificial */,
				DFCEF0A91DED9F820063DDD3 /* ArtificialTests */,
				DFCEF0B41DED9F820063DDD3 /* ArtificialUITests */,
			);
		};
/* End PBXProject section */

/* Begin PBXResourcesBuildPhase section */
		DFCEF0941DED9F820063DDD3 /* Resources */ = {
			isa = PBXResourcesBuildPhase;
			buildActionMask = 2147483647;
			files = (
				DFCEF0A41DED9F820063DDD3 /* LaunchScreen.storyboard in Resources */,
				DFCEF0A11DED9F820063DDD3 /* Assets.xcassets in Resources */,
				DFCEF09F1DED9F820063DDD3 /* Main.storyboard in Resources */,
			);
			runOnlyForDeploymentPostprocessing = 0;
		};
		DFCEF0A81DED9F820063DDD3 /* Resources */ = {
			isa = PBXResourcesBuildPhase;
			buildActionMask = 2147483647;
			files = (
			);
			runOnlyForDeploymentPostprocessing = 0;
		};
		DFCEF0B31DED9F820063DDD3 /* Resources */ = {
			isa = PBXResourcesBuildPhase;
			buildActionMask = 2147483647;
			files = (
			);
			runOnlyForDeploymentPostprocessing = 0;
		};
/* End PBXResourcesBuildPhase section */

/* Begin PBXSourcesBuildPhase section */
		DFCEF0921DED9F820063DDD3 /* Sources */ = {
			isa = PBXSourcesBuildPhase;
			buildActionMask = 2147483647;
			files = (
				DFCEF0CA1DEDA5AB0063DDD3 /* PuzzlePiece.swift in Sources */,
				DFCEF0D01DEDA9CE0063DDD3 /* JSPathSearch.swift in Sources */,
				DFCEF0CC1DEDA7F80063DDD3 /* PuzzleStatus.swift in Sources */,
				DFCEF09C1DED9F820063DDD3 /* ViewController.swift in Sources */,
				DF6763C91DEDB288000DC9C8 /* JSBreadthFirstSearch.swift in Sources */,
				DFCEF09A1DED9F820063DDD3 /* AppDelegate.swift in Sources */,
				DFCEF0C81DEDA0E80063DDD3 /* MasterViewController.swift in Sources */,
			);
			runOnlyForDeploymentPostprocessing = 0;
		};
		DFCEF0A61DED9F820063DDD3 /* Sources */ = {
			isa = PBXSourcesBuildPhase;
			buildActionMask = 2147483647;
			files = (
				DFCEF0AF1DED9F820063DDD3 /* ArtificialTests.swift in Sources */,
			);
			runOnlyForDeploymentPostprocessing = 0;
		};
		DFCEF0B11DED9F820063DDD3 /* Sources */ = {
			isa = PBXSourcesBuildPhase;
			buildActionMask = 2147483647;
			files = (
				DFCEF0BA1DED9F820063DDD3 /* ArtificialUITests.swift in Sources */,
			);
			runOnlyForDeploymentPostprocessing = 0;
		};
/* End PBXSourcesBuildPhase section */

/* Begin PBXTargetDependency section */
		DFCEF0AC1DED9F820063DDD3 /* PBXTargetDependency */ = {
			isa = PBXTargetDependency;
			target = DFCEF0951DED9F820063DDD3 /* Artificial */;
			targetProxy = DFCEF0AB1DED9F820063DDD3 /* PBXContainerItemProxy */;
		};
		DFCEF0B71DED9F820063DDD3 /* PBXTargetDependency */ = {
			isa = PBXTargetDependency;
			target = DFCEF0951DED9F820063DDD3 /* Artificial */;
			targetProxy = DFCEF0B61DED9F820063DDD3 /* PBXContainerItemProxy */;
		};
/* End PBXTargetDependency section */

/* Begin PBXVariantGroup section */
		DFCEF09D1DED9F820063DDD3 /* Main.storyboard */ = {
			isa = PBXVariantGroup;
			children = (
				DFCEF09E1DED9F820063DDD3 /* Base */,
			);
			name = Main.storyboard;
			sourceTree = "<group>";
		};
		DFCEF0A21DED9F820063DDD3 /* LaunchScreen.storyboard */ = {
			isa = PBXVariantGroup;
			children = (
				DFCEF0A31DED9F820063DDD3 /* Base */,
			);
			name = LaunchScreen.storyboard;
			sourceTree = "<group>";
		};
/* End PBXVariantGroup section */

/* Begin XCBuildConfiguration section */
		DFCEF0BC1DED9F820063DDD3 /* Debug */ = {
			isa = XCBuildConfiguration;
			buildSettings = {
				ALWAYS_SEARCH_USER_PATHS = NO;
				CLANG_ANALYZER_NONNULL = YES;
				CLANG_CXX_LANGUAGE_STANDARD = "gnu++0x";
				CLANG_CXX_LIBRARY = "libc++";
				CLANG_ENABLE_MODULES = YES;
				CLANG_ENABLE_OBJC_ARC = YES;
				CLANG_WARN_BOOL_CONVERSION = YES;
				CLANG_WARN_CONSTANT_CONVERSION = YES;
				CLANG_WARN_DIRECT_OBJC_ISA_USAGE = YES_ERROR;
				CLANG_WARN_DOCUMENTATION_COMMENTS = YES;
				CLANG_WARN_EMPTY_BODY = YES;
				CLANG_WARN_ENUM_CONVERSION = YES;
				CLANG_WARN_INFINITE_RECURSION = YES;
				CLANG_WARN_INT_CONVERSION = YES;
				CLANG_WARN_OBJC_ROOT_CLASS = YES_ERROR;
				CLANG_WARN_SUSPICIOUS_MOVES = YES;
				CLANG_WARN_UNREACHABLE_CODE = YES;
				CLANG_WARN__DUPLICATE_METHOD_MATCH = YES;
				"CODE_SIGN_IDENTITY[sdk=iphoneos*]" = "iPhone Developer";
				COPY_PHASE_STRIP = NO;
				DEBUG_INFORMATION_FORMAT = dwarf;
				ENABLE_STRICT_OBJC_MSGSEND = YES;
				ENABLE_TESTABILITY = YES;
				GCC_C_LANGUAGE_STANDARD = gnu99;
				GCC_DYNAMIC_NO_PIC = NO;
				GCC_NO_COMMON_BLOCKS = YES;
				GCC_OPTIMIZATION_LEVEL = 0;
				GCC_PREPROCESSOR_DEFINITIONS = (
					"DEBUG=1",
					"$(inherited)",
				);
				GCC_WARN_64_TO_32_BIT_CONVERSION = YES;
				GCC_WARN_ABOUT_RETURN_TYPE = YES_ERROR;
				GCC_WARN_UNDECLARED_SELECTOR = YES;
				GCC_WARN_UNINITIALIZED_AUTOS = YES_AGGRESSIVE;
				GCC_WARN_UNUSED_FUNCTION = YES;
				GCC_WARN_UNUSED_VARIABLE = YES;
				IPHONEOS_DEPLOYMENT_TARGET = 10.1;
				MTL_ENABLE_DEBUG_INFO = YES;
				ONLY_ACTIVE_ARCH = YES;
				SDKROOT = iphoneos;
				SWIFT_ACTIVE_COMPILATION_CONDITIONS = DEBUG;
				SWIFT_OPTIMIZATION_LEVEL = "-Onone";
			};
			name = Debug;
		};
		DFCEF0BD1DED9F820063DDD3 /* Release */ = {
			isa = XCBuildConfiguration;
			buildSettings = {
				ALWAYS_SEARCH_USER_PATHS = NO;
				CLANG_ANALYZER_NONNULL = YES;
				CLANG_CXX_LANGUAGE_STANDARD = "gnu++0x";
				CLANG_CXX_LIBRARY = "libc++";
				CLANG_ENABLE_MODULES = YES;
				CLANG_ENABLE_OBJC_ARC = YES;
				CLANG_WARN_BOOL_CONVERSION = YES;
				CLANG_WARN_CONSTANT_CONVERSION = YES;
				CLANG_WARN_DIRECT_OBJC_ISA_USAGE = YES_ERROR;
				CLANG_WARN_DOCUMENTATION_COMMENTS = YES;
				CLANG_WARN_EMPTY_BODY = YES;
				CLANG_WARN_ENUM_CONVERSION = YES;
				CLANG_WARN_INFINITE_RECURSION = YES;
				CLANG_WARN_INT_CONVERSION = YES;
				CLANG_WARN_OBJC_ROOT_CLASS = YES_ERROR;
				CLANG_WARN_SUSPICIOUS_MOVES = YES;
				CLANG_WARN_UNREACHABLE_CODE = YES;
				CLANG_WARN__DUPLICATE_METHOD_MATCH = YES;
				"CODE_SIGN_IDENTITY[sdk=iphoneos*]" = "iPhone Developer";
				COPY_PHASE_STRIP = NO;
				DEBUG_INFORMATION_FORMAT = "dwarf-with-dsym";
				ENABLE_NS_ASSERTIONS = NO;
				ENABLE_STRICT_OBJC_MSGSEND = YES;
				GCC_C_LANGUAGE_STANDARD = gnu99;
				GCC_NO_COMMON_BLOCKS = YES;
				GCC_WARN_64_TO_32_BIT_CONVERSION = YES;
				GCC_WARN_ABOUT_RETURN_TYPE = YES_ERROR;
				GCC_WARN_UNDECLARED_SELECTOR = YES;
				GCC_WARN_UNINITIALIZED_AUTOS = YES_AGGRESSIVE;
				GCC_WARN_UNUSED_FUNCTION = YES;
				GCC_WARN_UNUSED_VARIABLE = YES;
				IPHONEOS_DEPLOYMENT_TARGET = 10.1;
				MTL_ENABLE_DEBUG_INFO = NO;
				SDKROOT = iphoneos;
				SWIFT_OPTIMIZATION_LEVEL = "-Owholemodule";
				VALIDATE_PRODUCT = YES;
			};
			name = Release;
		};
		DFCEF0BF1DED9F820063DDD3 /* Debug */ = {
			isa = XCBuildConfiguration;
			buildSettings = {
				ASSETCATALOG_COMPILER_APPICON_NAME = AppIcon;
				DEVELOPMENT_TEAM = 5F86ZD4GLF;
				INFOPLIST_FILE = Artificial/Info.plist;
				LD_RUNPATH_SEARCH_PATHS = "$(inherited) @executable_path/Frameworks";
				PRODUCT_BUNDLE_IDENTIFIER = com.Boolan.Artificial;
				PRODUCT_NAME = "$(TARGET_NAME)";
				SWIFT_VERSION = 3.0;
			};
			name = Debug;
		};
		DFCEF0C01DED9F820063DDD3 /* Release */ = {
			isa = XCBuildConfiguration;
			buildSettings = {
				ASSETCATALOG_COMPILER_APPICON_NAME = AppIcon;
				DEVELOPMENT_TEAM = 5F86ZD4GLF;
				INFOPLIST_FILE = Artificial/Info.plist;
				LD_RUNPATH_SEARCH_PATHS = "$(inherited) @executable_path/Frameworks";
				PRODUCT_BUNDLE_IDENTIFIER = com.Boolan.Artificial;
				PRODUCT_NAME = "$(TARGET_NAME)";
				SWIFT_VERSION = 3.0;
			};
			name = Release;
		};
		DFCEF0C21DED9F820063DDD3 /* Debug */ = {
			isa = XCBuildConfiguration;
			buildSettings = {
				ALWAYS_EMBED_SWIFT_STANDARD_LIBRARIES = YES;
				BUNDLE_LOADER = "$(TEST_HOST)";
				DEVELOPMENT_TEAM = 5F86ZD4GLF;
				INFOPLIST_FILE = ArtificialTests/Info.plist;
				LD_RUNPATH_SEARCH_PATHS = "$(inherited) @executable_path/Frameworks @loader_path/Frameworks";
				PRODUCT_BUNDLE_IDENTIFIER = com.Boolan.ArtificialTests;
				PRODUCT_NAME = "$(TARGET_NAME)";
				SWIFT_VERSION = 3.0;
				TEST_HOST = "$(BUILT_PRODUCTS_DIR)/Artificial.app/Artificial";
			};
			name = Debug;
		};
		DFCEF0C31DED9F820063DDD3 /* Release */ = {
			isa = XCBuildConfiguration;
			buildSettings = {
				ALWAYS_EMBED_SWIFT_STANDARD_LIBRARIES = YES;
				BUNDLE_LOADER = "$(TEST_HOST)";
				DEVELOPMENT_TEAM = 5F86ZD4GLF;
				INFOPLIST_FILE = ArtificialTests/Info.plist;
				LD_RUNPATH_SEARCH_PATHS = "$(inherited) @executable_path/Frameworks @loader_path/Frameworks";
				PRODUCT_BUNDLE_IDENTIFIER = com.Boolan.ArtificialTests;
				PRODUCT_NAME = "$(TARGET_NAME)";
				SWIFT_VERSION = 3.0;
				TEST_HOST = "$(BUILT_PRODUCTS_DIR)/Artificial.app/Artificial";
			};
			name = Release;
		};
		DFCEF0C51DED9F820063DDD3 /* Debug */ = {
			isa = XCBuildConfiguration;
			buildSettings = {
				ALWAYS_EMBED_SWIFT_STANDARD_LIBRARIES = YES;
				DEVELOPMENT_TEAM = 5F86ZD4GLF;
				INFOPLIST_FILE = ArtificialUITests/Info.plist;
				LD_RUNPATH_SEARCH_PATHS = "$(inherited) @executable_path/Frameworks @loader_path/Frameworks";
				PRODUCT_BUNDLE_IDENTIFIER = com.Boolan.ArtificialUITests;
				PRODUCT_NAME = "$(TARGET_NAME)";
				SWIFT_VERSION = 3.0;
				TEST_TARGET_NAME = Artificial;
			};
			name = Debug;
		};
		DFCEF0C61DED9F820063DDD3 /* Release */ = {
			isa = XCBuildConfiguration;
			buildSettings = {
				ALWAYS_EMBED_SWIFT_STANDARD_LIBRARIES = YES;
				DEVELOPMENT_TEAM = 5F86ZD4GLF;
				INFOPLIST_FILE = ArtificialUITests/Info.plist;
				LD_RUNPATH_SEARCH_PATHS = "$(inherited) @executable_path/Frameworks @loader_path/Frameworks";
				PRODUCT_BUNDLE_IDENTIFIER = com.Boolan.ArtificialUITests;
				PRODUCT_NAME = "$(TARGET_NAME)";
				SWIFT_VERSION = 3.0;
				TEST_TARGET_NAME = Artificial;
			};
			name = Release;
		};
/* End XCBuildConfiguration section */

/* Begin XCConfigurationList section */
		DFCEF0911DED9F820063DDD3 /* Build configuration list for PBXProject "Artificial" */ = {
			isa = XCConfigurationList;
			buildConfigurations = (
				DFCEF0BC1DED9F820063DDD3 /* Debug */,
				DFCEF0BD1DED9F820063DDD3 /* Release */,
			);
			defaultConfigurationIsVisible = 0;
			defaultConfigurationName = Release;
		};
		DFCEF0BE1DED9F820063DDD3 /* Build configuration list for PBXNativeTarget "Artificial" */ = {
			isa = XCConfigurationList;
			buildConfigurations = (
				DFCEF0BF1DED9F820063DDD3 /* Debug */,
				DFCEF0C01DED9F820063DDD3 /* Release */,
			);
			defaultConfigurationIsVisible = 0;
			defaultConfigurationName = Release;
		};
		DFCEF0C11DED9F820063DDD3 /* Build configuration list for PBXNativeTarget "ArtificialTests" */ = {
			isa = XCConfigurationList;
			buildConfigurations = (
				DFCEF0C21DED9F820063DDD3 /* Debug */,
				DFCEF0C31DED9F820063DDD3 /* Release */,
			);
			defaultConfigurationIsVisible = 0;
			defaultConfigurationName = Release;
		};
		DFCEF0C41DED9F820063DDD3 /* Build configuration list for PBXNativeTarget "ArtificialUITests" */ = {
			isa = XCConfigurationList;
			buildConfigurations = (
				DFCEF0C51DED9F820063DDD3 /* Debug */,
				DFCEF0C61DED9F820063DDD3 /* Release */,
			);
			defaultConfigurationIsVisible = 0;
			defaultConfigurationName = Release;
		};
/* End XCConfigurationList section */
	};
	rootObject = DFCEF08E1DED9F820063DDD3 /* Project object */;
}
